// !$*UTF8*$!
{
	archiveVersion = 1;
	classes = {
	};
	objectVersion = 46;
	objects = {

/* Begin PBXBuildFile section */
		B705F637157BFC1A00A1BF86 /* TYFBManager.m in Sources */ = {isa = PBXBuildFile; fileRef = B705F636157BFC1A00A1BF86 /* TYFBManager.m */; };
		B705F639157C202500A1BF86 /* TODO in Resources */ = {isa = PBXBuildFile; fileRef = B705F638157C202500A1BF86 /* TODO */; };
		B705F644157C55E000A1BF86 /* pin.png in Resources */ = {isa = PBXBuildFile; fileRef = B705F643157C55E000A1BF86 /* pin.png */; };
		B705F645157C55E000A1BF86 /* pin.png in Resources */ = {isa = PBXBuildFile; fileRef = B705F643157C55E000A1BF86 /* pin.png */; };
		B705F648157C570100A1BF86 /* TYAnnotation.m in Sources */ = {isa = PBXBuildFile; fileRef = B705F647157C570100A1BF86 /* TYAnnotation.m */; };
		B705F649157C570100A1BF86 /* TYAnnotation.m in Sources */ = {isa = PBXBuildFile; fileRef = B705F647157C570100A1BF86 /* TYAnnotation.m */; };
		B705F64C157C5CE400A1BF86 /* TYAnnotationUtil.m in Sources */ = {isa = PBXBuildFile; fileRef = B705F64B157C5CE300A1BF86 /* TYAnnotationUtil.m */; };
		B705F64D157C5CE400A1BF86 /* TYAnnotationUtil.m in Sources */ = {isa = PBXBuildFile; fileRef = B705F64B157C5CE300A1BF86 /* TYAnnotationUtil.m */; };
		B72D93DA1571C59F00665274 /* TYCheckIn.m in Sources */ = {isa = PBXBuildFile; fileRef = B72D93D91571C59F00665274 /* TYCheckIn.m */; };
		B72D93DD1571C5AC00665274 /* TYUser.m in Sources */ = {isa = PBXBuildFile; fileRef = B72D93DC1571C5AC00665274 /* TYUser.m */; };
		B72D93E01571C5F100665274 /* TYPage.m in Sources */ = {isa = PBXBuildFile; fileRef = B72D93DF1571C5F100665274 /* TYPage.m */; };
		B72D93E21571C66500665274 /* MapKit.framework in Frameworks */ = {isa = PBXBuildFile; fileRef = B72D93E11571C66500665274 /* MapKit.framework */; };
		B72D93E51571C8E000665274 /* JSONKit.m in Sources */ = {isa = PBXBuildFile; fileRef = B72D93E41571C8E000665274 /* JSONKit.m */; settings = {COMPILER_FLAGS = "-fno-objc-arc"; }; };
		B72D93E61571C8E000665274 /* JSONKit.m in Sources */ = {isa = PBXBuildFile; fileRef = B72D93E41571C8E000665274 /* JSONKit.m */; };
		B72D93E91571D0BA00665274 /* CoreLocation.framework in Frameworks */ = {isa = PBXBuildFile; fileRef = B72D93E81571D0BA00665274 /* CoreLocation.framework */; };
		B736F63915828311002A5614 /* navigation-bar@2x.png in Resources */ = {isa = PBXBuildFile; fileRef = B736F63715828311002A5614 /* navigation-bar@2x.png */; };
		B736F63A15828311002A5614 /* tab-bar-bg@2x.png in Resources */ = {isa = PBXBuildFile; fileRef = B736F63815828311002A5614 /* tab-bar-bg@2x.png */; };
		B736F63D158283EF002A5614 /* navigation-bar.png in Resources */ = {isa = PBXBuildFile; fileRef = B736F63B158283EF002A5614 /* navigation-bar.png */; };
		B736F63E158283EF002A5614 /* tab-bar.png in Resources */ = {isa = PBXBuildFile; fileRef = B736F63C158283EF002A5614 /* tab-bar.png */; };
		B736F6441582846D002A5614 /* navigation-bar-2.png in Resources */ = {isa = PBXBuildFile; fileRef = B736F6431582846D002A5614 /* navigation-bar-2.png */; };
		B736F64615828489002A5614 /* tab-bar-2.png in Resources */ = {isa = PBXBuildFile; fileRef = B736F64515828489002A5614 /* tab-bar-2.png */; };
		B736F6491582849D002A5614 /* bg_active.png in Resources */ = {isa = PBXBuildFile; fileRef = B736F6471582849D002A5614 /* bg_active.png */; };
		B736F64D158284B1002A5614 /* TYUITabBarController.m in Sources */ = {isa = PBXBuildFile; fileRef = B736F64C158284B1002A5614 /* TYUITabBarController.m */; };
		B736F64F15829110002A5614 /* table-cell-bg.png in Resources */ = {isa = PBXBuildFile; fileRef = B736F64E15829110002A5614 /* table-cell-bg.png */; };
		B736F6531582944B002A5614 /* background@2x.png in Resources */ = {isa = PBXBuildFile; fileRef = B736F6521582944B002A5614 /* background@2x.png */; };
		B736F65B15829636002A5614 /* EGORefreshTableHeaderView.m in Sources */ = {isa = PBXBuildFile; fileRef = B736F65A15829636002A5614 /* EGORefreshTableHeaderView.m */; settings = {COMPILER_FLAGS = "-fno-objc-arc"; }; };
		B736F65C15829636002A5614 /* EGORefreshTableHeaderView.m in Sources */ = {isa = PBXBuildFile; fileRef = B736F65A15829636002A5614 /* EGORefreshTableHeaderView.m */; };
		B736F665158297E5002A5614 /* grayArrow.png in Resources */ = {isa = PBXBuildFile; fileRef = B736F65D158297DF002A5614 /* grayArrow.png */; };
		B736F666158297E5002A5614 /* grayArrow.png in Resources */ = {isa = PBXBuildFile; fileRef = B736F65D158297DF002A5614 /* grayArrow.png */; };
		B736F667158297E5002A5614 /* grayArrow@2x.png in Resources */ = {isa = PBXBuildFile; fileRef = B736F65E158297E0002A5614 /* grayArrow@2x.png */; };
		B736F668158297E5002A5614 /* grayArrow@2x.png in Resources */ = {isa = PBXBuildFile; fileRef = B736F65E158297E0002A5614 /* grayArrow@2x.png */; };
		B736F669158297E5002A5614 /* blackArrow.png in Resources */ = {isa = PBXBuildFile; fileRef = B736F65F158297E1002A5614 /* blackArrow.png */; };
		B736F66A158297E5002A5614 /* blackArrow.png in Resources */ = {isa = PBXBuildFile; fileRef = B736F65F158297E1002A5614 /* blackArrow.png */; };
		B736F66B158297E5002A5614 /* blackArrow@2x.png in Resources */ = {isa = PBXBuildFile; fileRef = B736F660158297E2002A5614 /* blackArrow@2x.png */; };
		B736F66C158297E5002A5614 /* blackArrow@2x.png in Resources */ = {isa = PBXBuildFile; fileRef = B736F660158297E2002A5614 /* blackArrow@2x.png */; };
		B736F66D158297E5002A5614 /* blueArrow.png in Resources */ = {isa = PBXBuildFile; fileRef = B736F661158297E2002A5614 /* blueArrow.png */; };
		B736F66E158297E5002A5614 /* blueArrow.png in Resources */ = {isa = PBXBuildFile; fileRef = B736F661158297E2002A5614 /* blueArrow.png */; };
		B736F66F158297E5002A5614 /* blueArrow@2x.png in Resources */ = {isa = PBXBuildFile; fileRef = B736F662158297E2002A5614 /* blueArrow@2x.png */; };
		B736F670158297E5002A5614 /* blueArrow@2x.png in Resources */ = {isa = PBXBuildFile; fileRef = B736F662158297E2002A5614 /* blueArrow@2x.png */; };
		B736F671158297E5002A5614 /* whiteArrow.png in Resources */ = {isa = PBXBuildFile; fileRef = B736F663158297E4002A5614 /* whiteArrow.png */; };
		B736F672158297E5002A5614 /* whiteArrow.png in Resources */ = {isa = PBXBuildFile; fileRef = B736F663158297E4002A5614 /* whiteArrow.png */; };
		B736F673158297E5002A5614 /* whiteArrow@2x.png in Resources */ = {isa = PBXBuildFile; fileRef = B736F664158297E4002A5614 /* whiteArrow@2x.png */; };
		B736F674158297E5002A5614 /* whiteArrow@2x.png in Resources */ = {isa = PBXBuildFile; fileRef = B736F664158297E4002A5614 /* whiteArrow@2x.png */; };
		B736F6781582983E002A5614 /* QuartzCore.framework in Frameworks */ = {isa = PBXBuildFile; fileRef = B736F6771582983D002A5614 /* QuartzCore.framework */; };
		B736F67E1582DBFC002A5614 /* fb-line.png in Resources */ = {isa = PBXBuildFile; fileRef = B736F67D1582DBFB002A5614 /* fb-line.png */; };
		B736F67F1582DBFC002A5614 /* fb-line.png in Resources */ = {isa = PBXBuildFile; fileRef = B736F67D1582DBFB002A5614 /* fb-line.png */; };
		B736F6811582FF09002A5614 /* background.png in Resources */ = {isa = PBXBuildFile; fileRef = B736F6801582FF09002A5614 /* background.png */; };
		B736F6821582FF09002A5614 /* background.png in Resources */ = {isa = PBXBuildFile; fileRef = B736F6801582FF09002A5614 /* background.png */; };
		B73F6CE7156ED27F004A20E4 /* UIKit.framework in Frameworks */ = {isa = PBXBuildFile; fileRef = B73F6CE6156ED27F004A20E4 /* UIKit.framework */; };
		B73F6CE9156ED27F004A20E4 /* Foundation.framework in Frameworks */ = {isa = PBXBuildFile; fileRef = B73F6CE8156ED27F004A20E4 /* Foundation.framework */; };
		B73F6CEB156ED27F004A20E4 /* CoreGraphics.framework in Frameworks */ = {isa = PBXBuildFile; fileRef = B73F6CEA156ED27F004A20E4 /* CoreGraphics.framework */; };
		B73F6CF1156ED280004A20E4 /* InfoPlist.strings in Resources */ = {isa = PBXBuildFile; fileRef = B73F6CEF156ED280004A20E4 /* InfoPlist.strings */; };
		B73F6CF3156ED281004A20E4 /* main.m in Sources */ = {isa = PBXBuildFile; fileRef = B73F6CF2156ED281004A20E4 /* main.m */; };
		B73F6CF7156ED281004A20E4 /* TYAppDelegate.m in Sources */ = {isa = PBXBuildFile; fileRef = B73F6CF6156ED281004A20E4 /* TYAppDelegate.m */; };
		B73F6CFF156ED281004A20E4 /* SenTestingKit.framework in Frameworks */ = {isa = PBXBuildFile; fileRef = B73F6CFE156ED281004A20E4 /* SenTestingKit.framework */; };
		B73F6D00156ED281004A20E4 /* UIKit.framework in Frameworks */ = {isa = PBXBuildFile; fileRef = B73F6CE6156ED27F004A20E4 /* UIKit.framework */; };
		B73F6D01156ED281004A20E4 /* Foundation.framework in Frameworks */ = {isa = PBXBuildFile; fileRef = B73F6CE8156ED27F004A20E4 /* Foundation.framework */; };
		B73F6D09156ED281004A20E4 /* InfoPlist.strings in Resources */ = {isa = PBXBuildFile; fileRef = B73F6D07156ED281004A20E4 /* InfoPlist.strings */; };
		B73F6D0C156ED281004A20E4 /* FBCheckInTests.m in Sources */ = {isa = PBXBuildFile; fileRef = B73F6D0B156ED281004A20E4 /* FBCheckInTests.m */; };
		B73F6D55156ED835004A20E4 /* TYHomeViewController.m in Sources */ = {isa = PBXBuildFile; fileRef = B73F6D53156ED835004A20E4 /* TYHomeViewController.m */; };
		B73F6D56156ED835004A20E4 /* TYHomeViewController.m in Sources */ = {isa = PBXBuildFile; fileRef = B73F6D53156ED835004A20E4 /* TYHomeViewController.m */; };
		B73F6D57156ED835004A20E4 /* TYHomeViewController.xib in Resources */ = {isa = PBXBuildFile; fileRef = B73F6D54156ED835004A20E4 /* TYHomeViewController.xib */; };
		B73F6D58156ED835004A20E4 /* TYHomeViewController.xib in Resources */ = {isa = PBXBuildFile; fileRef = B73F6D54156ED835004A20E4 /* TYHomeViewController.xib */; };
		B73F6D5C156ED846004A20E4 /* TYPlacePicker.m in Sources */ = {isa = PBXBuildFile; fileRef = B73F6D5A156ED846004A20E4 /* TYPlacePicker.m */; };
		B73F6D5D156ED846004A20E4 /* TYPlacePicker.m in Sources */ = {isa = PBXBuildFile; fileRef = B73F6D5A156ED846004A20E4 /* TYPlacePicker.m */; };
		B73F6D5E156ED846004A20E4 /* TYPlacePicker.xib in Resources */ = {isa = PBXBuildFile; fileRef = B73F6D5B156ED846004A20E4 /* TYPlacePicker.xib */; };
		B73F6D5F156ED846004A20E4 /* TYPlacePicker.xib in Resources */ = {isa = PBXBuildFile; fileRef = B73F6D5B156ED846004A20E4 /* TYPlacePicker.xib */; };
		B73F6D81156ED86B004A20E4 /* Facebook.m in Sources */ = {isa = PBXBuildFile; fileRef = B73F6D65156ED86B004A20E4 /* Facebook.m */; settings = {COMPILER_FLAGS = "-fno-objc-arc"; }; };
		B73F6D82156ED86B004A20E4 /* Facebook.m in Sources */ = {isa = PBXBuildFile; fileRef = B73F6D65156ED86B004A20E4 /* Facebook.m */; settings = {COMPILER_FLAGS = "-fno-objc-arc"; }; };
		B73F6D83156ED86B004A20E4 /* FBDialog.bundle in Resources */ = {isa = PBXBuildFile; fileRef = B73F6D67156ED86B004A20E4 /* FBDialog.bundle */; };
		B73F6D84156ED86B004A20E4 /* FBDialog.bundle in Resources */ = {isa = PBXBuildFile; fileRef = B73F6D67156ED86B004A20E4 /* FBDialog.bundle */; };
		B73F6D85156ED86B004A20E4 /* FBDialog.m in Sources */ = {isa = PBXBuildFile; fileRef = B73F6D69156ED86B004A20E4 /* FBDialog.m */; settings = {COMPILER_FLAGS = "-fno-objc-arc"; }; };
		B73F6D86156ED86B004A20E4 /* FBDialog.m in Sources */ = {isa = PBXBuildFile; fileRef = B73F6D69156ED86B004A20E4 /* FBDialog.m */; settings = {COMPILER_FLAGS = "-fno-objc-arc"; }; };
		B73F6D87156ED86B004A20E4 /* FBFrictionlessRequestSettings.m in Sources */ = {isa = PBXBuildFile; fileRef = B73F6D6B156ED86B004A20E4 /* FBFrictionlessRequestSettings.m */; settings = {COMPILER_FLAGS = "-fno-objc-arc"; }; };
		B73F6D88156ED86B004A20E4 /* FBFrictionlessRequestSettings.m in Sources */ = {isa = PBXBuildFile; fileRef = B73F6D6B156ED86B004A20E4 /* FBFrictionlessRequestSettings.m */; settings = {COMPILER_FLAGS = "-fno-objc-arc"; }; };
		B73F6D89156ED86B004A20E4 /* FBLoginDialog.m in Sources */ = {isa = PBXBuildFile; fileRef = B73F6D6D156ED86B004A20E4 /* FBLoginDialog.m */; settings = {COMPILER_FLAGS = "-fno-objc-arc"; }; };
		B73F6D8A156ED86B004A20E4 /* FBLoginDialog.m in Sources */ = {isa = PBXBuildFile; fileRef = B73F6D6D156ED86B004A20E4 /* FBLoginDialog.m */; settings = {COMPILER_FLAGS = "-fno-objc-arc"; }; };
		B73F6D8B156ED86B004A20E4 /* FBRequest.m in Sources */ = {isa = PBXBuildFile; fileRef = B73F6D6F156ED86B004A20E4 /* FBRequest.m */; settings = {COMPILER_FLAGS = "-fno-objc-arc"; }; };
		B73F6D8C156ED86B004A20E4 /* FBRequest.m in Sources */ = {isa = PBXBuildFile; fileRef = B73F6D6F156ED86B004A20E4 /* FBRequest.m */; settings = {COMPILER_FLAGS = "-fno-objc-arc"; }; };
		B73F6D8D156ED86B004A20E4 /* NSObject+SBJSON.m in Sources */ = {isa = PBXBuildFile; fileRef = B73F6D73156ED86B004A20E4 /* NSObject+SBJSON.m */; settings = {COMPILER_FLAGS = "-fno-objc-arc"; }; };
		B73F6D8E156ED86B004A20E4 /* NSObject+SBJSON.m in Sources */ = {isa = PBXBuildFile; fileRef = B73F6D73156ED86B004A20E4 /* NSObject+SBJSON.m */; settings = {COMPILER_FLAGS = "-fno-objc-arc"; }; };
		B73F6D8F156ED86B004A20E4 /* NSString+SBJSON.m in Sources */ = {isa = PBXBuildFile; fileRef = B73F6D75156ED86B004A20E4 /* NSString+SBJSON.m */; settings = {COMPILER_FLAGS = "-fno-objc-arc"; }; };
		B73F6D90156ED86B004A20E4 /* NSString+SBJSON.m in Sources */ = {isa = PBXBuildFile; fileRef = B73F6D75156ED86B004A20E4 /* NSString+SBJSON.m */; settings = {COMPILER_FLAGS = "-fno-objc-arc"; }; };
		B73F6D91156ED86B004A20E4 /* SBJSON.m in Sources */ = {isa = PBXBuildFile; fileRef = B73F6D77156ED86B004A20E4 /* SBJSON.m */; settings = {COMPILER_FLAGS = "-fno-objc-arc"; }; };
		B73F6D92156ED86B004A20E4 /* SBJSON.m in Sources */ = {isa = PBXBuildFile; fileRef = B73F6D77156ED86B004A20E4 /* SBJSON.m */; settings = {COMPILER_FLAGS = "-fno-objc-arc"; }; };
		B73F6D93156ED86B004A20E4 /* SBJsonBase.m in Sources */ = {isa = PBXBuildFile; fileRef = B73F6D79156ED86B004A20E4 /* SBJsonBase.m */; settings = {COMPILER_FLAGS = "-fno-objc-arc"; }; };
		B73F6D94156ED86B004A20E4 /* SBJsonBase.m in Sources */ = {isa = PBXBuildFile; fileRef = B73F6D79156ED86B004A20E4 /* SBJsonBase.m */; settings = {COMPILER_FLAGS = "-fno-objc-arc"; }; };
		B73F6D95156ED86B004A20E4 /* SBJsonParser.m in Sources */ = {isa = PBXBuildFile; fileRef = B73F6D7B156ED86B004A20E4 /* SBJsonParser.m */; settings = {COMPILER_FLAGS = "-fno-objc-arc"; }; };
		B73F6D96156ED86B004A20E4 /* SBJsonParser.m in Sources */ = {isa = PBXBuildFile; fileRef = B73F6D7B156ED86B004A20E4 /* SBJsonParser.m */; settings = {COMPILER_FLAGS = "-fno-objc-arc"; }; };
		B73F6D97156ED86B004A20E4 /* SBJsonWriter.m in Sources */ = {isa = PBXBuildFile; fileRef = B73F6D7D156ED86B004A20E4 /* SBJsonWriter.m */; settings = {COMPILER_FLAGS = "-fno-objc-arc"; }; };
		B73F6D98156ED86B004A20E4 /* SBJsonWriter.m in Sources */ = {isa = PBXBuildFile; fileRef = B73F6D7D156ED86B004A20E4 /* SBJsonWriter.m */; settings = {COMPILER_FLAGS = "-fno-objc-arc"; }; };
		B73F6DA1156ED8C0004A20E4 /* TYMapViewController.m in Sources */ = {isa = PBXBuildFile; fileRef = B73F6D9F156ED8C0004A20E4 /* TYMapViewController.m */; };
		B73F6DA2156ED8C0004A20E4 /* TYMapViewController.m in Sources */ = {isa = PBXBuildFile; fileRef = B73F6D9F156ED8C0004A20E4 /* TYMapViewController.m */; };
		B73F6DA3156ED8C0004A20E4 /* TYMapViewController.xib in Resources */ = {isa = PBXBuildFile; fileRef = B73F6DA0156ED8C0004A20E4 /* TYMapViewController.xib */; };
		B73F6DA4156ED8C0004A20E4 /* TYMapViewController.xib in Resources */ = {isa = PBXBuildFile; fileRef = B73F6DA0156ED8C0004A20E4 /* TYMapViewController.xib */; };
		B73F6DAF156ED926004A20E4 /* NSDate+Helper.m in Sources */ = {isa = PBXBuildFile; fileRef = B73F6DAA156ED926004A20E4 /* NSDate+Helper.m */; };
		B73F6DB0156ED926004A20E4 /* NSDate+Helper.m in Sources */ = {isa = PBXBuildFile; fileRef = B73F6DAA156ED926004A20E4 /* NSDate+Helper.m */; };
		B73F6DB1156ED926004A20E4 /* NSString+Common.m in Sources */ = {isa = PBXBuildFile; fileRef = B73F6DAC156ED926004A20E4 /* NSString+Common.m */; };
		B73F6DB2156ED926004A20E4 /* NSString+Common.m in Sources */ = {isa = PBXBuildFile; fileRef = B73F6DAC156ED926004A20E4 /* NSString+Common.m */; };
		B73F6DB3156ED926004A20E4 /* UIColor+HexString.m in Sources */ = {isa = PBXBuildFile; fileRef = B73F6DAE156ED926004A20E4 /* UIColor+HexString.m */; };
		B73F6DB4156ED926004A20E4 /* UIColor+HexString.m in Sources */ = {isa = PBXBuildFile; fileRef = B73F6DAE156ED926004A20E4 /* UIColor+HexString.m */; };
		B73F6DB7156ED930004A20E4 /* DebugLog.m in Sources */ = {isa = PBXBuildFile; fileRef = B73F6DB6156ED930004A20E4 /* DebugLog.m */; };
		B73F6DB8156ED930004A20E4 /* DebugLog.m in Sources */ = {isa = PBXBuildFile; fileRef = B73F6DB6156ED930004A20E4 /* DebugLog.m */; };
		B73F6DBC156ED937004A20E4 /* SVProgressHUD.bundle in Resources */ = {isa = PBXBuildFile; fileRef = B73F6DB9156ED937004A20E4 /* SVProgressHUD.bundle */; };
		B73F6DBD156ED938004A20E4 /* SVProgressHUD.bundle in Resources */ = {isa = PBXBuildFile; fileRef = B73F6DB9156ED937004A20E4 /* SVProgressHUD.bundle */; };
		B73F6DBE156ED938004A20E4 /* SVProgressHUD.m in Sources */ = {isa = PBXBuildFile; fileRef = B73F6DBB156ED937004A20E4 /* SVProgressHUD.m */; };
		B73F6DBF156ED938004A20E4 /* SVProgressHUD.m in Sources */ = {isa = PBXBuildFile; fileRef = B73F6DBB156ED937004A20E4 /* SVProgressHUD.m */; };
		B73F6DDF156EF38C004A20E4 /* map.png in Resources */ = {isa = PBXBuildFile; fileRef = B73F6DDE156EF38C004A20E4 /* map.png */; };
		B73F6DE0156EF38C004A20E4 /* map.png in Resources */ = {isa = PBXBuildFile; fileRef = B73F6DDE156EF38C004A20E4 /* map.png */; };
		B73F6DE2156EF3AD004A20E4 /* friends.png in Resources */ = {isa = PBXBuildFile; fileRef = B73F6DE1156EF3AD004A20E4 /* friends.png */; };
		B73F6DE3156EF3AD004A20E4 /* friends.png in Resources */ = {isa = PBXBuildFile; fileRef = B73F6DE1156EF3AD004A20E4 /* friends.png */; };
		B73F6DE5156EF87F004A20E4 /* checkin@2x.png in Resources */ = {isa = PBXBuildFile; fileRef = B73F6DE4156EF87F004A20E4 /* checkin@2x.png */; };
		B73F6DE6156EF87F004A20E4 /* checkin@2x.png in Resources */ = {isa = PBXBuildFile; fileRef = B73F6DE4156EF87F004A20E4 /* checkin@2x.png */; };
		B73F6DE8156EFE7F004A20E4 /* checkin.png in Resources */ = {isa = PBXBuildFile; fileRef = B73F6DE7156EFE7F004A20E4 /* checkin.png */; };
		B73F6DE9156EFE7F004A20E4 /* checkin.png in Resources */ = {isa = PBXBuildFile; fileRef = B73F6DE7156EFE7F004A20E4 /* checkin.png */; };
		B73F6DED156F144A004A20E4 /* TYCheckInCell.m in Sources */ = {isa = PBXBuildFile; fileRef = B73F6DEC156F144A004A20E4 /* TYCheckInCell.m */; };
		B73F6DEE156F144A004A20E4 /* TYCheckInCell.m in Sources */ = {isa = PBXBuildFile; fileRef = B73F6DEC156F144A004A20E4 /* TYCheckInCell.m */; };
		B73F6DF0156F1506004A20E4 /* TYCheckInCell.xib in Resources */ = {isa = PBXBuildFile; fileRef = B73F6DEF156F1506004A20E4 /* TYCheckInCell.xib */; };
		B73F6DF1156F1506004A20E4 /* TYCheckInCell.xib in Resources */ = {isa = PBXBuildFile; fileRef = B73F6DEF156F1506004A20E4 /* TYCheckInCell.xib */; };
		B73F6DF3156F3484004A20E4 /* config.plist in Resources */ = {isa = PBXBuildFile; fileRef = B73F6DF2156F3483004A20E4 /* config.plist */; };
		B73F6DF4156F3484004A20E4 /* config.plist in Resources */ = {isa = PBXBuildFile; fileRef = B73F6DF2156F3483004A20E4 /* config.plist */; };
		B748B1E9159ACB8700043F7B /* add-photo-placeholder.png in Resources */ = {isa = PBXBuildFile; fileRef = B748B1E8159ACB8700043F7B /* add-photo-placeholder.png */; };
		B748B20E159C283800043F7B /* TYTagUserCell.m in Sources */ = {isa = PBXBuildFile; fileRef = B748B20D159C283800043F7B /* TYTagUserCell.m */; };
		B748B210159C285700043F7B /* TYTagUserCell.xib in Resources */ = {isa = PBXBuildFile; fileRef = B748B20F159C285700043F7B /* TYTagUserCell.xib */; };
		B748B212159C290F00043F7B /* checkmark_korganizer.png in Resources */ = {isa = PBXBuildFile; fileRef = B748B211159C290F00043F7B /* checkmark_korganizer.png */; };
		B7539F8E15D558F30012370C /* ego-header-view@2x.png in Resources */ = {isa = PBXBuildFile; fileRef = B7539F8C15D558F30012370C /* ego-header-view@2x.png */; };
		B7539F8F15D558F30012370C /* ego-header-view.png in Resources */ = {isa = PBXBuildFile; fileRef = B7539F8D15D558F30012370C /* ego-header-view.png */; };
		B7539F9115D55C200012370C /* tick.png in Resources */ = {isa = PBXBuildFile; fileRef = B7539F9015D55C200012370C /* tick.png */; };
		B7539F9415D576F00012370C /* TYFBFacade.m in Sources */ = {isa = PBXBuildFile; fileRef = B7539F9315D576F00012370C /* TYFBFacade.m */; };
		B7539F9A15D57F350012370C /* UISearchBar+CustomBackground.m in Sources */ = {isa = PBXBuildFile; fileRef = B7539F9915D57F350012370C /* UISearchBar+CustomBackground.m */; };
		B76FF730157178A900676F47 /* TYLogInViewController.m in Sources */ = {isa = PBXBuildFile; fileRef = B76FF72E157178A900676F47 /* TYLogInViewController.m */; };
		B76FF731157178A900676F47 /* TYLogInViewController.xib in Resources */ = {isa = PBXBuildFile; fileRef = B76FF72F157178A900676F47 /* TYLogInViewController.xib */; };
		B78AFF26160E30720073B97F /* Default-568h@2x.png in Resources */ = {isa = PBXBuildFile; fileRef = B78AFF25160E30720073B97F /* Default-568h@2x.png */; };
		B7A06D00157F19F300169BDE /* SCNavigationBar.m in Sources */ = {isa = PBXBuildFile; fileRef = B7A06CFF157F19F300169BDE /* SCNavigationBar.m */; settings = {COMPILER_FLAGS = "-fno-objc-arc"; }; };
		B7A06D01157F19F300169BDE /* SCNavigationBar.m in Sources */ = {isa = PBXBuildFile; fileRef = B7A06CFF157F19F300169BDE /* SCNavigationBar.m */; };
		B7BDF78215D6F60A00D6FA11 /* TYFBWrapperTests.m in Sources */ = {isa = PBXBuildFile; fileRef = B7BDF78115D6F60A00D6FA11 /* TYFBWrapperTests.m */; };
		B7D4167C15E81968007BF955 /* CoreData.framework in Frameworks */ = {isa = PBXBuildFile; fileRef = B7D4167B15E81968007BF955 /* CoreData.framework */; };
		B7E10F2A158535DC00FA9741 /* TYPageCell.m in Sources */ = {isa = PBXBuildFile; fileRef = B7E10F29158535DC00FA9741 /* TYPageCell.m */; };
		B7E10F2C158535F500FA9741 /* TYPageCell.xib in Resources */ = {isa = PBXBuildFile; fileRef = B7E10F2B158535F400FA9741 /* TYPageCell.xib */; };
		B7E10F2F15854BE300FA9741 /* TYCheckInViewController.m in Sources */ = {isa = PBXBuildFile; fileRef = B7E10F2E15854BE300FA9741 /* TYCheckInViewController.m */; };
		B7E10F3115854BFF00FA9741 /* TYCheckInConfirmation.xib in Resources */ = {isa = PBXBuildFile; fileRef = B7E10F3015854BFF00FA9741 /* TYCheckInConfirmation.xib */; };
		B7E10F351585507800FA9741 /* TYTagFriendsViewController.m in Sources */ = {isa = PBXBuildFile; fileRef = B7E10F331585507600FA9741 /* TYTagFriendsViewController.m */; };
		B7E10F361585507800FA9741 /* TYTagFriends.xib in Resources */ = {isa = PBXBuildFile; fileRef = B7E10F341585507700FA9741 /* TYTagFriends.xib */; };
		B7E4203D1572E4A800105F8B /* AFHTTPClient.m in Sources */ = {isa = PBXBuildFile; fileRef = B7E420291572E4A800105F8B /* AFHTTPClient.m */; settings = {COMPILER_FLAGS = "-fno-objc-arc"; }; };
		B7E4203E1572E4A800105F8B /* AFHTTPClient.m in Sources */ = {isa = PBXBuildFile; fileRef = B7E420291572E4A800105F8B /* AFHTTPClient.m */; };
		B7E4203F1572E4A800105F8B /* AFHTTPRequestOperation.m in Sources */ = {isa = PBXBuildFile; fileRef = B7E4202B1572E4A800105F8B /* AFHTTPRequestOperation.m */; settings = {COMPILER_FLAGS = "-fno-objc-arc"; }; };
		B7E420401572E4A800105F8B /* AFHTTPRequestOperation.m in Sources */ = {isa = PBXBuildFile; fileRef = B7E4202B1572E4A800105F8B /* AFHTTPRequestOperation.m */; };
		B7E420411572E4A800105F8B /* AFImageRequestOperation.m in Sources */ = {isa = PBXBuildFile; fileRef = B7E4202D1572E4A800105F8B /* AFImageRequestOperation.m */; settings = {COMPILER_FLAGS = "-fno-objc-arc"; }; };
		B7E420421572E4A800105F8B /* AFImageRequestOperation.m in Sources */ = {isa = PBXBuildFile; fileRef = B7E4202D1572E4A800105F8B /* AFImageRequestOperation.m */; };
		B7E420431572E4A800105F8B /* AFJSONRequestOperation.m in Sources */ = {isa = PBXBuildFile; fileRef = B7E4202F1572E4A800105F8B /* AFJSONRequestOperation.m */; settings = {COMPILER_FLAGS = "-fno-objc-arc"; }; };
		B7E420441572E4A800105F8B /* AFJSONRequestOperation.m in Sources */ = {isa = PBXBuildFile; fileRef = B7E4202F1572E4A800105F8B /* AFJSONRequestOperation.m */; };
		B7E420451572E4A800105F8B /* AFJSONUtilities.m in Sources */ = {isa = PBXBuildFile; fileRef = B7E420311572E4A800105F8B /* AFJSONUtilities.m */; settings = {COMPILER_FLAGS = "-fno-objc-arc"; }; };
		B7E420461572E4A800105F8B /* AFJSONUtilities.m in Sources */ = {isa = PBXBuildFile; fileRef = B7E420311572E4A800105F8B /* AFJSONUtilities.m */; };
		B7E420471572E4A800105F8B /* AFNetworkActivityIndicatorManager.m in Sources */ = {isa = PBXBuildFile; fileRef = B7E420331572E4A800105F8B /* AFNetworkActivityIndicatorManager.m */; settings = {COMPILER_FLAGS = "-fno-objc-arc"; }; };
		B7E420481572E4A800105F8B /* AFNetworkActivityIndicatorManager.m in Sources */ = {isa = PBXBuildFile; fileRef = B7E420331572E4A800105F8B /* AFNetworkActivityIndicatorManager.m */; };
		B7E420491572E4A800105F8B /* AFPropertyListRequestOperation.m in Sources */ = {isa = PBXBuildFile; fileRef = B7E420361572E4A800105F8B /* AFPropertyListRequestOperation.m */; settings = {COMPILER_FLAGS = "-fno-objc-arc"; }; };
		B7E4204A1572E4A800105F8B /* AFPropertyListRequestOperation.m in Sources */ = {isa = PBXBuildFile; fileRef = B7E420361572E4A800105F8B /* AFPropertyListRequestOperation.m */; };
		B7E4204B1572E4A800105F8B /* AFURLConnectionOperation.m in Sources */ = {isa = PBXBuildFile; fileRef = B7E420381572E4A800105F8B /* AFURLConnectionOperation.m */; settings = {COMPILER_FLAGS = "-fno-objc-arc"; }; };
		B7E4204C1572E4A800105F8B /* AFURLConnectionOperation.m in Sources */ = {isa = PBXBuildFile; fileRef = B7E420381572E4A800105F8B /* AFURLConnectionOperation.m */; };
		B7E4204D1572E4A800105F8B /* AFXMLRequestOperation.m in Sources */ = {isa = PBXBuildFile; fileRef = B7E4203A1572E4A800105F8B /* AFXMLRequestOperation.m */; settings = {COMPILER_FLAGS = "-fno-objc-arc"; }; };
		B7E4204E1572E4A800105F8B /* AFXMLRequestOperation.m in Sources */ = {isa = PBXBuildFile; fileRef = B7E4203A1572E4A800105F8B /* AFXMLRequestOperation.m */; };
		B7E4204F1572E4A800105F8B /* UIImageView+AFNetworking.m in Sources */ = {isa = PBXBuildFile; fileRef = B7E4203C1572E4A800105F8B /* UIImageView+AFNetworking.m */; settings = {COMPILER_FLAGS = "-fno-objc-arc"; }; };
		B7E420501572E4A800105F8B /* UIImageView+AFNetworking.m in Sources */ = {isa = PBXBuildFile; fileRef = B7E4203C1572E4A800105F8B /* UIImageView+AFNetworking.m */; };
		B7F4E35B157AA6EC00FE5719 /* TYCheckInDetailViewController.m in Sources */ = {isa = PBXBuildFile; fileRef = B7F4E359157AA6EC00FE5719 /* TYCheckInDetailViewController.m */; };
		B7F4E35C157AA6EC00FE5719 /* TYCheckInDetailViewController.m in Sources */ = {isa = PBXBuildFile; fileRef = B7F4E359157AA6EC00FE5719 /* TYCheckInDetailViewController.m */; };
		B7F4E35D157AA6EC00FE5719 /* TYCheckInDetailViewController.xib in Resources */ = {isa = PBXBuildFile; fileRef = B7F4E35A157AA6EC00FE5719 /* TYCheckInDetailViewController.xib */; };
		B7F4E35E157AA6EC00FE5719 /* TYCheckInDetailViewController.xib in Resources */ = {isa = PBXBuildFile; fileRef = B7F4E35A157AA6EC00FE5719 /* TYCheckInDetailViewController.xib */; };
		B7FF5EA215D0CFA1008A0300 /* TYCheckInCache.m in Sources */ = {isa = PBXBuildFile; fileRef = B7FF5EA115D0CFA1008A0300 /* TYCheckInCache.m */; };
/* End PBXBuildFile section */

/* Begin PBXContainerItemProxy section */
		B73F6D02156ED281004A20E4 /* PBXContainerItemProxy */ = {
			isa = PBXContainerItemProxy;
			containerPortal = B73F6CD9156ED27F004A20E4 /* Project object */;
			proxyType = 1;
			remoteGlobalIDString = B73F6CE1156ED27F004A20E4;
			remoteInfo = FBCheckIn;
		};
		B73F6D9A156ED86B004A20E4 /* PBXContainerItemProxy */ = {
			isa = PBXContainerItemProxy;
			containerPortal = B73F6D61156ED86B004A20E4 /* facebook-ios-sdk.xcodeproj */;
			proxyType = 2;
			remoteGlobalIDString = D2AAC07E0554694100DB518D;
			remoteInfo = "facebook-ios-sdk";
		};
/* End PBXContainerItemProxy section */

/* Begin PBXFileReference section */
		B705F635157BFC1A00A1BF86 /* TYFBManager.h */ = {isa = PBXFileReference; fileEncoding = 4; lastKnownFileType = sourcecode.c.h; name = TYFBManager.h; path = Libraries/TYFBManager.h; sourceTree = "<group>"; };
		B705F636157BFC1A00A1BF86 /* TYFBManager.m */ = {isa = PBXFileReference; fileEncoding = 4; lastKnownFileType = sourcecode.c.objc; name = TYFBManager.m; path = Libraries/TYFBManager.m; sourceTree = "<group>"; };
		B705F638157C202500A1BF86 /* TODO */ = {isa = PBXFileReference; fileEncoding = 4; lastKnownFileType = text; path = TODO; sourceTree = "<group>"; };
		B705F643157C55E000A1BF86 /* pin.png */ = {isa = PBXFileReference; lastKnownFileType = image.png; name = pin.png; path = ../Images/pin.png; sourceTree = "<group>"; };
		B705F646157C570100A1BF86 /* TYAnnotation.h */ = {isa = PBXFileReference; fileEncoding = 4; lastKnownFileType = sourcecode.c.h; name = TYAnnotation.h; path = Screens/TYAnnotation.h; sourceTree = "<group>"; };
		B705F647157C570100A1BF86 /* TYAnnotation.m */ = {isa = PBXFileReference; fileEncoding = 4; lastKnownFileType = sourcecode.c.objc; name = TYAnnotation.m; path = Screens/TYAnnotation.m; sourceTree = "<group>"; };
		B705F64A157C5CE300A1BF86 /* TYAnnotationUtil.h */ = {isa = PBXFileReference; fileEncoding = 4; lastKnownFileType = sourcecode.c.h; name = TYAnnotationUtil.h; path = Libraries/TYAnnotationUtil.h; sourceTree = "<group>"; };
		B705F64B157C5CE300A1BF86 /* TYAnnotationUtil.m */ = {isa = PBXFileReference; fileEncoding = 4; lastKnownFileType = sourcecode.c.objc; name = TYAnnotationUtil.m; path = Libraries/TYAnnotationUtil.m; sourceTree = "<group>"; };
		B72D93D81571C59F00665274 /* TYCheckIn.h */ = {isa = PBXFileReference; fileEncoding = 4; lastKnownFileType = sourcecode.c.h; name = TYCheckIn.h; path = Models/TYCheckIn.h; sourceTree = "<group>"; };
		B72D93D91571C59F00665274 /* TYCheckIn.m */ = {isa = PBXFileReference; fileEncoding = 4; lastKnownFileType = sourcecode.c.objc; name = TYCheckIn.m; path = Models/TYCheckIn.m; sourceTree = "<group>"; };
		B72D93DB1571C5AC00665274 /* TYUser.h */ = {isa = PBXFileReference; fileEncoding = 4; lastKnownFileType = sourcecode.c.h; name = TYUser.h; path = Models/TYUser.h; sourceTree = "<group>"; };
		B72D93DC1571C5AC00665274 /* TYUser.m */ = {isa = PBXFileReference; fileEncoding = 4; lastKnownFileType = sourcecode.c.objc; name = TYUser.m; path = Models/TYUser.m; sourceTree = "<group>"; };
		B72D93DE1571C5F100665274 /* TYPage.h */ = {isa = PBXFileReference; fileEncoding = 4; lastKnownFileType = sourcecode.c.h; name = TYPage.h; path = Models/TYPage.h; sourceTree = "<group>"; };
		B72D93DF1571C5F100665274 /* TYPage.m */ = {isa = PBXFileReference; fileEncoding = 4; lastKnownFileType = sourcecode.c.objc; name = TYPage.m; path = Models/TYPage.m; sourceTree = "<group>"; };
		B72D93E11571C66500665274 /* MapKit.framework */ = {isa = PBXFileReference; lastKnownFileType = wrapper.framework; name = MapKit.framework; path = System/Library/Frameworks/MapKit.framework; sourceTree = SDKROOT; };
		B72D93E31571C8E000665274 /* JSONKit.h */ = {isa = PBXFileReference; fileEncoding = 4; lastKnownFileType = sourcecode.c.h; name = JSONKit.h; path = Libraries/JSONKit/JSONKit.h; sourceTree = "<group>"; };
		B72D93E41571C8E000665274 /* JSONKit.m */ = {isa = PBXFileReference; fileEncoding = 4; lastKnownFileType = sourcecode.c.objc; name = JSONKit.m; path = Libraries/JSONKit/JSONKit.m; sourceTree = "<group>"; };
		B72D93E81571D0BA00665274 /* CoreLocation.framework */ = {isa = PBXFileReference; lastKnownFileType = wrapper.framework; name = CoreLocation.framework; path = System/Library/Frameworks/CoreLocation.framework; sourceTree = SDKROOT; };
		B736F63715828311002A5614 /* navigation-bar@2x.png */ = {isa = PBXFileReference; lastKnownFileType = image.png; path = "navigation-bar@2x.png"; sourceTree = "<group>"; };
		B736F63815828311002A5614 /* tab-bar-bg@2x.png */ = {isa = PBXFileReference; lastKnownFileType = image.png; path = "tab-bar-bg@2x.png"; sourceTree = "<group>"; };
		B736F63B158283EF002A5614 /* navigation-bar.png */ = {isa = PBXFileReference; lastKnownFileType = image.png; path = "navigation-bar.png"; sourceTree = "<group>"; };
		B736F63C158283EF002A5614 /* tab-bar.png */ = {isa = PBXFileReference; lastKnownFileType = image.png; path = "tab-bar.png"; sourceTree = "<group>"; };
		B736F6431582846D002A5614 /* navigation-bar-2.png */ = {isa = PBXFileReference; lastKnownFileType = image.png; path = "navigation-bar-2.png"; sourceTree = "<group>"; };
		B736F64515828489002A5614 /* tab-bar-2.png */ = {isa = PBXFileReference; lastKnownFileType = image.png; path = "tab-bar-2.png"; sourceTree = "<group>"; };
		B736F6471582849D002A5614 /* bg_active.png */ = {isa = PBXFileReference; lastKnownFileType = image.png; path = bg_active.png; sourceTree = "<group>"; };
		B736F64B158284B1002A5614 /* TYUITabBarController.h */ = {isa = PBXFileReference; fileEncoding = 4; lastKnownFileType = sourcecode.c.h; path = TYUITabBarController.h; sourceTree = "<group>"; };
		B736F64C158284B1002A5614 /* TYUITabBarController.m */ = {isa = PBXFileReference; fileEncoding = 4; lastKnownFileType = sourcecode.c.objc; path = TYUITabBarController.m; sourceTree = "<group>"; };
		B736F64E15829110002A5614 /* table-cell-bg.png */ = {isa = PBXFileReference; lastKnownFileType = image.png; path = "table-cell-bg.png"; sourceTree = "<group>"; };
		B736F6521582944B002A5614 /* background@2x.png */ = {isa = PBXFileReference; lastKnownFileType = image.png; path = "background@2x.png"; sourceTree = "<group>"; };
		B736F65915829636002A5614 /* EGORefreshTableHeaderView.h */ = {isa = PBXFileReference; fileEncoding = 4; lastKnownFileType = sourcecode.c.h; path = EGORefreshTableHeaderView.h; sourceTree = "<group>"; };
		B736F65A15829636002A5614 /* EGORefreshTableHeaderView.m */ = {isa = PBXFileReference; fileEncoding = 4; lastKnownFileType = sourcecode.c.objc; path = EGORefreshTableHeaderView.m; sourceTree = "<group>"; };
		B736F65D158297DF002A5614 /* grayArrow.png */ = {isa = PBXFileReference; lastKnownFileType = image.png; path = grayArrow.png; sourceTree = "<group>"; };
		B736F65E158297E0002A5614 /* grayArrow@2x.png */ = {isa = PBXFileReference; lastKnownFileType = image.png; path = "grayArrow@2x.png"; sourceTree = "<group>"; };
		B736F65F158297E1002A5614 /* blackArrow.png */ = {isa = PBXFileReference; lastKnownFileType = image.png; path = blackArrow.png; sourceTree = "<group>"; };
		B736F660158297E2002A5614 /* blackArrow@2x.png */ = {isa = PBXFileReference; lastKnownFileType = image.png; path = "blackArrow@2x.png"; sourceTree = "<group>"; };
		B736F661158297E2002A5614 /* blueArrow.png */ = {isa = PBXFileReference; lastKnownFileType = image.png; path = blueArrow.png; sourceTree = "<group>"; };
		B736F662158297E2002A5614 /* blueArrow@2x.png */ = {isa = PBXFileReference; lastKnownFileType = image.png; path = "blueArrow@2x.png"; sourceTree = "<group>"; };
		B736F663158297E4002A5614 /* whiteArrow.png */ = {isa = PBXFileReference; lastKnownFileType = image.png; path = whiteArrow.png; sourceTree = "<group>"; };
		B736F664158297E4002A5614 /* whiteArrow@2x.png */ = {isa = PBXFileReference; lastKnownFileType = image.png; path = "whiteArrow@2x.png"; sourceTree = "<group>"; };
		B736F6771582983D002A5614 /* QuartzCore.framework */ = {isa = PBXFileReference; lastKnownFileType = wrapper.framework; name = QuartzCore.framework; path = System/Library/Frameworks/QuartzCore.framework; sourceTree = SDKROOT; };
		B736F67D1582DBFB002A5614 /* fb-line.png */ = {isa = PBXFileReference; lastKnownFileType = image.png; path = "fb-line.png"; sourceTree = "<group>"; };
		B736F6801582FF09002A5614 /* background.png */ = {isa = PBXFileReference; lastKnownFileType = image.png; path = background.png; sourceTree = "<group>"; };
		B73F6CE2156ED27F004A20E4 /* Facebook Check In.app */ = {isa = PBXFileReference; explicitFileType = wrapper.application; includeInIndex = 0; path = "Facebook Check In.app"; sourceTree = BUILT_PRODUCTS_DIR; };
		B73F6CE6156ED27F004A20E4 /* UIKit.framework */ = {isa = PBXFileReference; lastKnownFileType = wrapper.framework; name = UIKit.framework; path = System/Library/Frameworks/UIKit.framework; sourceTree = SDKROOT; };
		B73F6CE8156ED27F004A20E4 /* Foundation.framework */ = {isa = PBXFileReference; lastKnownFileType = wrapper.framework; name = Foundation.framework; path = System/Library/Frameworks/Foundation.framework; sourceTree = SDKROOT; };
		B73F6CEA156ED27F004A20E4 /* CoreGraphics.framework */ = {isa = PBXFileReference; lastKnownFileType = wrapper.framework; name = CoreGraphics.framework; path = System/Library/Frameworks/CoreGraphics.framework; sourceTree = SDKROOT; };
		B73F6CEE156ED280004A20E4 /* FBCheckIn-Info.plist */ = {isa = PBXFileReference; lastKnownFileType = text.plist.xml; path = "FBCheckIn-Info.plist"; sourceTree = "<group>"; };
		B73F6CF0156ED280004A20E4 /* en */ = {isa = PBXFileReference; lastKnownFileType = text.plist.strings; name = en; path = en.lproj/InfoPlist.strings; sourceTree = "<group>"; };
		B73F6CF2156ED281004A20E4 /* main.m */ = {isa = PBXFileReference; lastKnownFileType = sourcecode.c.objc; path = main.m; sourceTree = "<group>"; };
		B73F6CF4156ED281004A20E4 /* FBCheckIn-Prefix.pch */ = {isa = PBXFileReference; lastKnownFileType = sourcecode.c.h; path = "FBCheckIn-Prefix.pch"; sourceTree = "<group>"; };
		B73F6CF5156ED281004A20E4 /* TYAppDelegate.h */ = {isa = PBXFileReference; lastKnownFileType = sourcecode.c.h; path = TYAppDelegate.h; sourceTree = "<group>"; };
		B73F6CF6156ED281004A20E4 /* TYAppDelegate.m */ = {isa = PBXFileReference; lastKnownFileType = sourcecode.c.objc; path = TYAppDelegate.m; sourceTree = "<group>"; };
		B73F6CFD156ED281004A20E4 /* FBCheckInTests.octest */ = {isa = PBXFileReference; explicitFileType = wrapper.cfbundle; includeInIndex = 0; path = FBCheckInTests.octest; sourceTree = BUILT_PRODUCTS_DIR; };
		B73F6CFE156ED281004A20E4 /* SenTestingKit.framework */ = {isa = PBXFileReference; lastKnownFileType = wrapper.framework; name = SenTestingKit.framework; path = Library/Frameworks/SenTestingKit.framework; sourceTree = DEVELOPER_DIR; };
		B73F6D06156ED281004A20E4 /* FBCheckInTests-Info.plist */ = {isa = PBXFileReference; lastKnownFileType = text.plist.xml; path = "FBCheckInTests-Info.plist"; sourceTree = "<group>"; };
		B73F6D08156ED281004A20E4 /* en */ = {isa = PBXFileReference; lastKnownFileType = text.plist.strings; name = en; path = en.lproj/InfoPlist.strings; sourceTree = "<group>"; };
		B73F6D0A156ED281004A20E4 /* FBCheckInTests.h */ = {isa = PBXFileReference; lastKnownFileType = sourcecode.c.h; path = FBCheckInTests.h; sourceTree = "<group>"; };
		B73F6D0B156ED281004A20E4 /* FBCheckInTests.m */ = {isa = PBXFileReference; lastKnownFileType = sourcecode.c.objc; path = FBCheckInTests.m; sourceTree = "<group>"; };
		B73F6D52156ED835004A20E4 /* TYHomeViewController.h */ = {isa = PBXFileReference; fileEncoding = 4; lastKnownFileType = sourcecode.c.h; name = TYHomeViewController.h; path = Screens/TYHomeViewController.h; sourceTree = "<group>"; };
		B73F6D53156ED835004A20E4 /* TYHomeViewController.m */ = {isa = PBXFileReference; fileEncoding = 4; lastKnownFileType = sourcecode.c.objc; name = TYHomeViewController.m; path = Screens/TYHomeViewController.m; sourceTree = "<group>"; };
		B73F6D54156ED835004A20E4 /* TYHomeViewController.xib */ = {isa = PBXFileReference; fileEncoding = 4; lastKnownFileType = file.xib; name = TYHomeViewController.xib; path = Screens/TYHomeViewController.xib; sourceTree = "<group>"; };
		B73F6D59156ED846004A20E4 /* TYPlacePicker.h */ = {isa = PBXFileReference; fileEncoding = 4; lastKnownFileType = sourcecode.c.h; name = TYPlacePicker.h; path = Screens/TYPlacePicker.h; sourceTree = "<group>"; };
		B73F6D5A156ED846004A20E4 /* TYPlacePicker.m */ = {isa = PBXFileReference; fileEncoding = 4; lastKnownFileType = sourcecode.c.objc; name = TYPlacePicker.m; path = Screens/TYPlacePicker.m; sourceTree = "<group>"; };
		B73F6D5B156ED846004A20E4 /* TYPlacePicker.xib */ = {isa = PBXFileReference; fileEncoding = 4; lastKnownFileType = file.xib; name = TYPlacePicker.xib; path = Screens/TYPlacePicker.xib; sourceTree = "<group>"; };
		B73F6D60156ED86B004A20E4 /* facebook_ios_sdk_Prefix.pch */ = {isa = PBXFileReference; fileEncoding = 4; lastKnownFileType = sourcecode.c.h; name = facebook_ios_sdk_Prefix.pch; path = "facebook-ios-sdk/src/facebook_ios_sdk_Prefix.pch"; sourceTree = SOURCE_ROOT; };
		B73F6D61156ED86B004A20E4 /* facebook-ios-sdk.xcodeproj */ = {isa = PBXFileReference; lastKnownFileType = "wrapper.pb-project"; name = "facebook-ios-sdk.xcodeproj"; path = "facebook-ios-sdk/src/facebook-ios-sdk.xcodeproj"; sourceTree = SOURCE_ROOT; };
		B73F6D64156ED86B004A20E4 /* Facebook.h */ = {isa = PBXFileReference; fileEncoding = 4; lastKnownFileType = sourcecode.c.h; name = Facebook.h; path = "facebook-ios-sdk/src/Facebook.h"; sourceTree = SOURCE_ROOT; };
		B73F6D65156ED86B004A20E4 /* Facebook.m */ = {isa = PBXFileReference; fileEncoding = 4; lastKnownFileType = sourcecode.c.objc; name = Facebook.m; path = "facebook-ios-sdk/src/Facebook.m"; sourceTree = SOURCE_ROOT; };
		B73F6D66156ED86B004A20E4 /* FBConnect.h */ = {isa = PBXFileReference; fileEncoding = 4; lastKnownFileType = sourcecode.c.h; name = FBConnect.h; path = "facebook-ios-sdk/src/FBConnect.h"; sourceTree = SOURCE_ROOT; };
		B73F6D67156ED86B004A20E4 /* FBDialog.bundle */ = {isa = PBXFileReference; lastKnownFileType = "wrapper.plug-in"; name = FBDialog.bundle; path = "facebook-ios-sdk/src/FBDialog.bundle"; sourceTree = SOURCE_ROOT; };
		B73F6D68156ED86B004A20E4 /* FBDialog.h */ = {isa = PBXFileReference; fileEncoding = 4; lastKnownFileType = sourcecode.c.h; name = FBDialog.h; path = "facebook-ios-sdk/src/FBDialog.h"; sourceTree = SOURCE_ROOT; };
		B73F6D69156ED86B004A20E4 /* FBDialog.m */ = {isa = PBXFileReference; fileEncoding = 4; lastKnownFileType = sourcecode.c.objc; name = FBDialog.m; path = "facebook-ios-sdk/src/FBDialog.m"; sourceTree = SOURCE_ROOT; };
		B73F6D6A156ED86B004A20E4 /* FBFrictionlessRequestSettings.h */ = {isa = PBXFileReference; fileEncoding = 4; lastKnownFileType = sourcecode.c.h; name = FBFrictionlessRequestSettings.h; path = "facebook-ios-sdk/src/FBFrictionlessRequestSettings.h"; sourceTree = SOURCE_ROOT; };
		B73F6D6B156ED86B004A20E4 /* FBFrictionlessRequestSettings.m */ = {isa = PBXFileReference; fileEncoding = 4; lastKnownFileType = sourcecode.c.objc; name = FBFrictionlessRequestSettings.m; path = "facebook-ios-sdk/src/FBFrictionlessRequestSettings.m"; sourceTree = SOURCE_ROOT; };
		B73F6D6C156ED86B004A20E4 /* FBLoginDialog.h */ = {isa = PBXFileReference; fileEncoding = 4; lastKnownFileType = sourcecode.c.h; name = FBLoginDialog.h; path = "facebook-ios-sdk/src/FBLoginDialog.h"; sourceTree = SOURCE_ROOT; };
		B73F6D6D156ED86B004A20E4 /* FBLoginDialog.m */ = {isa = PBXFileReference; fileEncoding = 4; lastKnownFileType = sourcecode.c.objc; name = FBLoginDialog.m; path = "facebook-ios-sdk/src/FBLoginDialog.m"; sourceTree = SOURCE_ROOT; };
		B73F6D6E156ED86B004A20E4 /* FBRequest.h */ = {isa = PBXFileReference; fileEncoding = 4; lastKnownFileType = sourcecode.c.h; name = FBRequest.h; path = "facebook-ios-sdk/src/FBRequest.h"; sourceTree = SOURCE_ROOT; };
		B73F6D6F156ED86B004A20E4 /* FBRequest.m */ = {isa = PBXFileReference; fileEncoding = 4; lastKnownFileType = sourcecode.c.objc; name = FBRequest.m; path = "facebook-ios-sdk/src/FBRequest.m"; sourceTree = SOURCE_ROOT; };
		B73F6D71156ED86B004A20E4 /* JSON.h */ = {isa = PBXFileReference; fileEncoding = 4; lastKnownFileType = sourcecode.c.h; path = JSON.h; sourceTree = "<group>"; };
		B73F6D72156ED86B004A20E4 /* NSObject+SBJSON.h */ = {isa = PBXFileReference; fileEncoding = 4; lastKnownFileType = sourcecode.c.h; path = "NSObject+SBJSON.h"; sourceTree = "<group>"; };
		B73F6D73156ED86B004A20E4 /* NSObject+SBJSON.m */ = {isa = PBXFileReference; fileEncoding = 4; lastKnownFileType = sourcecode.c.objc; path = "NSObject+SBJSON.m"; sourceTree = "<group>"; };
		B73F6D74156ED86B004A20E4 /* NSString+SBJSON.h */ = {isa = PBXFileReference; fileEncoding = 4; lastKnownFileType = sourcecode.c.h; path = "NSString+SBJSON.h"; sourceTree = "<group>"; };
		B73F6D75156ED86B004A20E4 /* NSString+SBJSON.m */ = {isa = PBXFileReference; fileEncoding = 4; lastKnownFileType = sourcecode.c.objc; path = "NSString+SBJSON.m"; sourceTree = "<group>"; };
		B73F6D76156ED86B004A20E4 /* SBJSON.h */ = {isa = PBXFileReference; fileEncoding = 4; lastKnownFileType = sourcecode.c.h; path = SBJSON.h; sourceTree = "<group>"; };
		B73F6D77156ED86B004A20E4 /* SBJSON.m */ = {isa = PBXFileReference; fileEncoding = 4; lastKnownFileType = sourcecode.c.objc; path = SBJSON.m; sourceTree = "<group>"; };
		B73F6D78156ED86B004A20E4 /* SBJsonBase.h */ = {isa = PBXFileReference; fileEncoding = 4; lastKnownFileType = sourcecode.c.h; path = SBJsonBase.h; sourceTree = "<group>"; };
		B73F6D79156ED86B004A20E4 /* SBJsonBase.m */ = {isa = PBXFileReference; fileEncoding = 4; lastKnownFileType = sourcecode.c.objc; path = SBJsonBase.m; sourceTree = "<group>"; };
		B73F6D7A156ED86B004A20E4 /* SBJsonParser.h */ = {isa = PBXFileReference; fileEncoding = 4; lastKnownFileType = sourcecode.c.h; path = SBJsonParser.h; sourceTree = "<group>"; };
		B73F6D7B156ED86B004A20E4 /* SBJsonParser.m */ = {isa = PBXFileReference; fileEncoding = 4; lastKnownFileType = sourcecode.c.objc; path = SBJsonParser.m; sourceTree = "<group>"; };
		B73F6D7C156ED86B004A20E4 /* SBJsonWriter.h */ = {isa = PBXFileReference; fileEncoding = 4; lastKnownFileType = sourcecode.c.h; path = SBJsonWriter.h; sourceTree = "<group>"; };
		B73F6D7D156ED86B004A20E4 /* SBJsonWriter.m */ = {isa = PBXFileReference; fileEncoding = 4; lastKnownFileType = sourcecode.c.objc; path = SBJsonWriter.m; sourceTree = "<group>"; };
		B73F6D9E156ED8C0004A20E4 /* TYMapViewController.h */ = {isa = PBXFileReference; fileEncoding = 4; lastKnownFileType = sourcecode.c.h; name = TYMapViewController.h; path = Screens/TYMapViewController.h; sourceTree = "<group>"; };
		B73F6D9F156ED8C0004A20E4 /* TYMapViewController.m */ = {isa = PBXFileReference; fileEncoding = 4; lastKnownFileType = sourcecode.c.objc; name = TYMapViewController.m; path = Screens/TYMapViewController.m; sourceTree = "<group>"; };
		B73F6DA0156ED8C0004A20E4 /* TYMapViewController.xib */ = {isa = PBXFileReference; fileEncoding = 4; lastKnownFileType = file.xib; name = TYMapViewController.xib; path = Screens/TYMapViewController.xib; sourceTree = "<group>"; };
		B73F6DA9156ED926004A20E4 /* NSDate+Helper.h */ = {isa = PBXFileReference; fileEncoding = 4; lastKnownFileType = sourcecode.c.h; name = "NSDate+Helper.h"; path = "Libraries/Categories/NSDate+Helper.h"; sourceTree = "<group>"; };
		B73F6DAA156ED926004A20E4 /* NSDate+Helper.m */ = {isa = PBXFileReference; fileEncoding = 4; lastKnownFileType = sourcecode.c.objc; name = "NSDate+Helper.m"; path = "Libraries/Categories/NSDate+Helper.m"; sourceTree = "<group>"; };
		B73F6DAB156ED926004A20E4 /* NSString+Common.h */ = {isa = PBXFileReference; fileEncoding = 4; lastKnownFileType = sourcecode.c.h; name = "NSString+Common.h"; path = "Libraries/Categories/NSString+Common.h"; sourceTree = "<group>"; };
		B73F6DAC156ED926004A20E4 /* NSString+Common.m */ = {isa = PBXFileReference; fileEncoding = 4; lastKnownFileType = sourcecode.c.objc; name = "NSString+Common.m"; path = "Libraries/Categories/NSString+Common.m"; sourceTree = "<group>"; };
		B73F6DAD156ED926004A20E4 /* UIColor+HexString.h */ = {isa = PBXFileReference; fileEncoding = 4; lastKnownFileType = sourcecode.c.h; name = "UIColor+HexString.h"; path = "Libraries/Categories/UIColor+HexString.h"; sourceTree = "<group>"; };
		B73F6DAE156ED926004A20E4 /* UIColor+HexString.m */ = {isa = PBXFileReference; fileEncoding = 4; lastKnownFileType = sourcecode.c.objc; name = "UIColor+HexString.m"; path = "Libraries/Categories/UIColor+HexString.m"; sourceTree = "<group>"; };
		B73F6DB5156ED930004A20E4 /* DebugLog.h */ = {isa = PBXFileReference; fileEncoding = 4; lastKnownFileType = sourcecode.c.h; name = DebugLog.h; path = Libraries/DebugLog/DebugLog.h; sourceTree = "<group>"; };
		B73F6DB6156ED930004A20E4 /* DebugLog.m */ = {isa = PBXFileReference; fileEncoding = 4; lastKnownFileType = sourcecode.c.objc; name = DebugLog.m; path = Libraries/DebugLog/DebugLog.m; sourceTree = "<group>"; };
		B73F6DB9156ED937004A20E4 /* SVProgressHUD.bundle */ = {isa = PBXFileReference; lastKnownFileType = "wrapper.plug-in"; name = SVProgressHUD.bundle; path = Libraries/SVProgressHUD/SVProgressHUD/SVProgressHUD.bundle; sourceTree = "<group>"; };
		B73F6DBA156ED937004A20E4 /* SVProgressHUD.h */ = {isa = PBXFileReference; fileEncoding = 4; lastKnownFileType = sourcecode.c.h; name = SVProgressHUD.h; path = Libraries/SVProgressHUD/SVProgressHUD/SVProgressHUD.h; sourceTree = "<group>"; };
		B73F6DBB156ED937004A20E4 /* SVProgressHUD.m */ = {isa = PBXFileReference; fileEncoding = 4; lastKnownFileType = sourcecode.c.objc; name = SVProgressHUD.m; path = Libraries/SVProgressHUD/SVProgressHUD/SVProgressHUD.m; sourceTree = "<group>"; };
		B73F6DDE156EF38C004A20E4 /* map.png */ = {isa = PBXFileReference; lastKnownFileType = image.png; path = map.png; sourceTree = "<group>"; };
		B73F6DE1156EF3AD004A20E4 /* friends.png */ = {isa = PBXFileReference; lastKnownFileType = image.png; path = friends.png; sourceTree = "<group>"; };
		B73F6DE4156EF87F004A20E4 /* checkin@2x.png */ = {isa = PBXFileReference; lastKnownFileType = image.png; path = "checkin@2x.png"; sourceTree = "<group>"; };
		B73F6DE7156EFE7F004A20E4 /* checkin.png */ = {isa = PBXFileReference; lastKnownFileType = image.png; path = checkin.png; sourceTree = "<group>"; };
		B73F6DEB156F144A004A20E4 /* TYCheckInCell.h */ = {isa = PBXFileReference; fileEncoding = 4; lastKnownFileType = sourcecode.c.h; name = TYCheckInCell.h; path = Screens/UITableViewCells/TYCheckInCell.h; sourceTree = "<group>"; };
		B73F6DEC156F144A004A20E4 /* TYCheckInCell.m */ = {isa = PBXFileReference; fileEncoding = 4; lastKnownFileType = sourcecode.c.objc; name = TYCheckInCell.m; path = Screens/UITableViewCells/TYCheckInCell.m; sourceTree = "<group>"; };
		B73F6DEF156F1506004A20E4 /* TYCheckInCell.xib */ = {isa = PBXFileReference; fileEncoding = 4; lastKnownFileType = file.xib; name = TYCheckInCell.xib; path = Screens/UITableViewCells/TYCheckInCell.xib; sourceTree = "<group>"; };
		B73F6DF2156F3483004A20E4 /* config.plist */ = {isa = PBXFileReference; fileEncoding = 4; lastKnownFileType = text.plist.xml; path = config.plist; sourceTree = "<group>"; };
		B748B1E8159ACB8700043F7B /* add-photo-placeholder.png */ = {isa = PBXFileReference; lastKnownFileType = image.png; path = "add-photo-placeholder.png"; sourceTree = "<group>"; };
		B748B20C159C283800043F7B /* TYTagUserCell.h */ = {isa = PBXFileReference; fileEncoding = 4; lastKnownFileType = sourcecode.c.h; name = TYTagUserCell.h; path = Screens/UITableViewCells/TYTagUserCell.h; sourceTree = "<group>"; };
		B748B20D159C283800043F7B /* TYTagUserCell.m */ = {isa = PBXFileReference; fileEncoding = 4; lastKnownFileType = sourcecode.c.objc; name = TYTagUserCell.m; path = Screens/UITableViewCells/TYTagUserCell.m; sourceTree = "<group>"; };
		B748B20F159C285700043F7B /* TYTagUserCell.xib */ = {isa = PBXFileReference; fileEncoding = 4; lastKnownFileType = file.xib; name = TYTagUserCell.xib; path = Screens/UITableViewCells/TYTagUserCell.xib; sourceTree = "<group>"; };
		B748B211159C290F00043F7B /* checkmark_korganizer.png */ = {isa = PBXFileReference; lastKnownFileType = image.png; path = checkmark_korganizer.png; sourceTree = "<group>"; };
		B7539F8C15D558F30012370C /* ego-header-view@2x.png */ = {isa = PBXFileReference; lastKnownFileType = image.png; path = "ego-header-view@2x.png"; sourceTree = "<group>"; };
		B7539F8D15D558F30012370C /* ego-header-view.png */ = {isa = PBXFileReference; lastKnownFileType = image.png; path = "ego-header-view.png"; sourceTree = "<group>"; };
		B7539F9015D55C200012370C /* tick.png */ = {isa = PBXFileReference; lastKnownFileType = image.png; path = tick.png; sourceTree = "<group>"; };
		B7539F9215D576F00012370C /* TYFBFacade.h */ = {isa = PBXFileReference; fileEncoding = 4; lastKnownFileType = sourcecode.c.h; name = TYFBFacade.h; path = Libraries/FacebookWrapper/TYFBFacade.h; sourceTree = "<group>"; };
		B7539F9315D576F00012370C /* TYFBFacade.m */ = {isa = PBXFileReference; fileEncoding = 4; lastKnownFileType = sourcecode.c.objc; name = TYFBFacade.m; path = Libraries/FacebookWrapper/TYFBFacade.m; sourceTree = "<group>"; };
		B7539F9815D57F350012370C /* UISearchBar+CustomBackground.h */ = {isa = PBXFileReference; fileEncoding = 4; lastKnownFileType = sourcecode.c.h; name = "UISearchBar+CustomBackground.h"; path = "Libraries/Categories/UISearchBar+CustomBackground.h"; sourceTree = "<group>"; };
		B7539F9915D57F350012370C /* UISearchBar+CustomBackground.m */ = {isa = PBXFileReference; fileEncoding = 4; lastKnownFileType = sourcecode.c.objc; name = "UISearchBar+CustomBackground.m"; path = "Libraries/Categories/UISearchBar+CustomBackground.m"; sourceTree = "<group>"; };
		B76FF72D157178A900676F47 /* TYLogInViewController.h */ = {isa = PBXFileReference; fileEncoding = 4; lastKnownFileType = sourcecode.c.h; name = TYLogInViewController.h; path = Screens/TYLogInViewController.h; sourceTree = "<group>"; };
		B76FF72E157178A900676F47 /* TYLogInViewController.m */ = {isa = PBXFileReference; fileEncoding = 4; lastKnownFileType = sourcecode.c.objc; name = TYLogInViewController.m; path = Screens/TYLogInViewController.m; sourceTree = "<group>"; };
		B76FF72F157178A900676F47 /* TYLogInViewController.xib */ = {isa = PBXFileReference; fileEncoding = 4; lastKnownFileType = file.xib; name = TYLogInViewController.xib; path = Screens/TYLogInViewController.xib; sourceTree = "<group>"; };
		B78AFF25160E30720073B97F /* Default-568h@2x.png */ = {isa = PBXFileReference; lastKnownFileType = image.png; path = "Default-568h@2x.png"; sourceTree = "<group>"; };
		B7A06CFE157F19F300169BDE /* SCNavigationBar.h */ = {isa = PBXFileReference; fileEncoding = 4; lastKnownFileType = sourcecode.c.h; path = SCNavigationBar.h; sourceTree = "<group>"; };
		B7A06CFF157F19F300169BDE /* SCNavigationBar.m */ = {isa = PBXFileReference; fileEncoding = 4; lastKnownFileType = sourcecode.c.objc; path = SCNavigationBar.m; sourceTree = "<group>"; };
		B7BDF78015D6F60A00D6FA11 /* TYFBWrapperTests.h */ = {isa = PBXFileReference; fileEncoding = 4; lastKnownFileType = sourcecode.c.h; path = TYFBWrapperTests.h; sourceTree = "<group>"; };
		B7BDF78115D6F60A00D6FA11 /* TYFBWrapperTests.m */ = {isa = PBXFileReference; fileEncoding = 4; lastKnownFileType = sourcecode.c.objc; path = TYFBWrapperTests.m; sourceTree = "<group>"; };
		B7D4167B15E81968007BF955 /* CoreData.framework */ = {isa = PBXFileReference; lastKnownFileType = wrapper.framework; name = CoreData.framework; path = System/Library/Frameworks/CoreData.framework; sourceTree = SDKROOT; };
		B7E10F28158535DC00FA9741 /* TYPageCell.h */ = {isa = PBXFileReference; fileEncoding = 4; lastKnownFileType = sourcecode.c.h; name = TYPageCell.h; path = Screens/UITableViewCells/TYPageCell.h; sourceTree = "<group>"; };
		B7E10F29158535DC00FA9741 /* TYPageCell.m */ = {isa = PBXFileReference; fileEncoding = 4; lastKnownFileType = sourcecode.c.objc; name = TYPageCell.m; path = Screens/UITableViewCells/TYPageCell.m; sourceTree = "<group>"; };
		B7E10F2B158535F400FA9741 /* TYPageCell.xib */ = {isa = PBXFileReference; fileEncoding = 4; lastKnownFileType = file.xib; name = TYPageCell.xib; path = Screens/UITableViewCells/TYPageCell.xib; sourceTree = "<group>"; };
		B7E10F2D15854BE200FA9741 /* TYCheckInViewController.h */ = {isa = PBXFileReference; fileEncoding = 4; lastKnownFileType = sourcecode.c.h; name = TYCheckInViewController.h; path = Screens/TYCheckInViewController.h; sourceTree = "<group>"; };
		B7E10F2E15854BE300FA9741 /* TYCheckInViewController.m */ = {isa = PBXFileReference; fileEncoding = 4; lastKnownFileType = sourcecode.c.objc; name = TYCheckInViewController.m; path = Screens/TYCheckInViewController.m; sourceTree = "<group>"; };
		B7E10F3015854BFF00FA9741 /* TYCheckInConfirmation.xib */ = {isa = PBXFileReference; fileEncoding = 4; lastKnownFileType = file.xib; name = TYCheckInConfirmation.xib; path = Screens/TYCheckInConfirmation.xib; sourceTree = "<group>"; };
		B7E10F321585507500FA9741 /* TYTagFriendsViewController.h */ = {isa = PBXFileReference; fileEncoding = 4; lastKnownFileType = sourcecode.c.h; name = TYTagFriendsViewController.h; path = Screens/TYTagFriendsViewController.h; sourceTree = "<group>"; };
		B7E10F331585507600FA9741 /* TYTagFriendsViewController.m */ = {isa = PBXFileReference; fileEncoding = 4; lastKnownFileType = sourcecode.c.objc; name = TYTagFriendsViewController.m; path = Screens/TYTagFriendsViewController.m; sourceTree = "<group>"; };
		B7E10F341585507700FA9741 /* TYTagFriends.xib */ = {isa = PBXFileReference; fileEncoding = 4; lastKnownFileType = file.xib; name = TYTagFriends.xib; path = Screens/TYTagFriends.xib; sourceTree = "<group>"; };
		B7E420281572E4A800105F8B /* AFHTTPClient.h */ = {isa = PBXFileReference; fileEncoding = 4; lastKnownFileType = sourcecode.c.h; name = AFHTTPClient.h; path = Libraries/AFNetworking/AFNetworking/AFHTTPClient.h; sourceTree = "<group>"; };
		B7E420291572E4A800105F8B /* AFHTTPClient.m */ = {isa = PBXFileReference; fileEncoding = 4; lastKnownFileType = sourcecode.c.objc; name = AFHTTPClient.m; path = Libraries/AFNetworking/AFNetworking/AFHTTPClient.m; sourceTree = "<group>"; };
		B7E4202A1572E4A800105F8B /* AFHTTPRequestOperation.h */ = {isa = PBXFileReference; fileEncoding = 4; lastKnownFileType = sourcecode.c.h; name = AFHTTPRequestOperation.h; path = Libraries/AFNetworking/AFNetworking/AFHTTPRequestOperation.h; sourceTree = "<group>"; };
		B7E4202B1572E4A800105F8B /* AFHTTPRequestOperation.m */ = {isa = PBXFileReference; fileEncoding = 4; lastKnownFileType = sourcecode.c.objc; name = AFHTTPRequestOperation.m; path = Libraries/AFNetworking/AFNetworking/AFHTTPRequestOperation.m; sourceTree = "<group>"; };
		B7E4202C1572E4A800105F8B /* AFImageRequestOperation.h */ = {isa = PBXFileReference; fileEncoding = 4; lastKnownFileType = sourcecode.c.h; name = AFImageRequestOperation.h; path = Libraries/AFNetworking/AFNetworking/AFImageRequestOperation.h; sourceTree = "<group>"; };
		B7E4202D1572E4A800105F8B /* AFImageRequestOperation.m */ = {isa = PBXFileReference; fileEncoding = 4; lastKnownFileType = sourcecode.c.objc; name = AFImageRequestOperation.m; path = Libraries/AFNetworking/AFNetworking/AFImageRequestOperation.m; sourceTree = "<group>"; };
		B7E4202E1572E4A800105F8B /* AFJSONRequestOperation.h */ = {isa = PBXFileReference; fileEncoding = 4; lastKnownFileType = sourcecode.c.h; name = AFJSONRequestOperation.h; path = Libraries/AFNetworking/AFNetworking/AFJSONRequestOperation.h; sourceTree = "<group>"; };
		B7E4202F1572E4A800105F8B /* AFJSONRequestOperation.m */ = {isa = PBXFileReference; fileEncoding = 4; lastKnownFileType = sourcecode.c.objc; name = AFJSONRequestOperation.m; path = Libraries/AFNetworking/AFNetworking/AFJSONRequestOperation.m; sourceTree = "<group>"; };
		B7E420301572E4A800105F8B /* AFJSONUtilities.h */ = {isa = PBXFileReference; fileEncoding = 4; lastKnownFileType = sourcecode.c.h; name = AFJSONUtilities.h; path = Libraries/AFNetworking/AFNetworking/AFJSONUtilities.h; sourceTree = "<group>"; };
		B7E420311572E4A800105F8B /* AFJSONUtilities.m */ = {isa = PBXFileReference; fileEncoding = 4; lastKnownFileType = sourcecode.c.objc; name = AFJSONUtilities.m; path = Libraries/AFNetworking/AFNetworking/AFJSONUtilities.m; sourceTree = "<group>"; };
		B7E420321572E4A800105F8B /* AFNetworkActivityIndicatorManager.h */ = {isa = PBXFileReference; fileEncoding = 4; lastKnownFileType = sourcecode.c.h; name = AFNetworkActivityIndicatorManager.h; path = Libraries/AFNetworking/AFNetworking/AFNetworkActivityIndicatorManager.h; sourceTree = "<group>"; };
		B7E420331572E4A800105F8B /* AFNetworkActivityIndicatorManager.m */ = {isa = PBXFileReference; fileEncoding = 4; lastKnownFileType = sourcecode.c.objc; name = AFNetworkActivityIndicatorManager.m; path = Libraries/AFNetworking/AFNetworking/AFNetworkActivityIndicatorManager.m; sourceTree = "<group>"; };
		B7E420341572E4A800105F8B /* AFNetworking.h */ = {isa = PBXFileReference; fileEncoding = 4; lastKnownFileType = sourcecode.c.h; name = AFNetworking.h; path = Libraries/AFNetworking/AFNetworking/AFNetworking.h; sourceTree = "<group>"; };
		B7E420351572E4A800105F8B /* AFPropertyListRequestOperation.h */ = {isa = PBXFileReference; fileEncoding = 4; lastKnownFileType = sourcecode.c.h; name = AFPropertyListRequestOperation.h; path = Libraries/AFNetworking/AFNetworking/AFPropertyListRequestOperation.h; sourceTree = "<group>"; };
		B7E420361572E4A800105F8B /* AFPropertyListRequestOperation.m */ = {isa = PBXFileReference; fileEncoding = 4; lastKnownFileType = sourcecode.c.objc; name = AFPropertyListRequestOperation.m; path = Libraries/AFNetworking/AFNetworking/AFPropertyListRequestOperation.m; sourceTree = "<group>"; };
		B7E420371572E4A800105F8B /* AFURLConnectionOperation.h */ = {isa = PBXFileReference; fileEncoding = 4; lastKnownFileType = sourcecode.c.h; name = AFURLConnectionOperation.h; path = Libraries/AFNetworking/AFNetworking/AFURLConnectionOperation.h; sourceTree = "<group>"; };
		B7E420381572E4A800105F8B /* AFURLConnectionOperation.m */ = {isa = PBXFileReference; fileEncoding = 4; lastKnownFileType = sourcecode.c.objc; name = AFURLConnectionOperation.m; path = Libraries/AFNetworking/AFNetworking/AFURLConnectionOperation.m; sourceTree = "<group>"; };
		B7E420391572E4A800105F8B /* AFXMLRequestOperation.h */ = {isa = PBXFileReference; fileEncoding = 4; lastKnownFileType = sourcecode.c.h; name = AFXMLRequestOperation.h; path = Libraries/AFNetworking/AFNetworking/AFXMLRequestOperation.h; sourceTree = "<group>"; };
		B7E4203A1572E4A800105F8B /* AFXMLRequestOperation.m */ = {isa = PBXFileReference; fileEncoding = 4; lastKnownFileType = sourcecode.c.objc; name = AFXMLRequestOperation.m; path = Libraries/AFNetworking/AFNetworking/AFXMLRequestOperation.m; sourceTree = "<group>"; };
		B7E4203B1572E4A800105F8B /* UIImageView+AFNetworking.h */ = {isa = PBXFileReference; fileEncoding = 4; lastKnownFileType = sourcecode.c.h; name = "UIImageView+AFNetworking.h"; path = "Libraries/AFNetworking/AFNetworking/UIImageView+AFNetworking.h"; sourceTree = "<group>"; };
		B7E4203C1572E4A800105F8B /* UIImageView+AFNetworking.m */ = {isa = PBXFileReference; fileEncoding = 4; lastKnownFileType = sourcecode.c.objc; name = "UIImageView+AFNetworking.m"; path = "Libraries/AFNetworking/AFNetworking/UIImageView+AFNetworking.m"; sourceTree = "<group>"; };
		B7F4E358157AA6EC00FE5719 /* TYCheckInDetailViewController.h */ = {isa = PBXFileReference; fileEncoding = 4; lastKnownFileType = sourcecode.c.h; name = TYCheckInDetailViewController.h; path = Screens/TYCheckInDetailViewController.h; sourceTree = "<group>"; };
		B7F4E359157AA6EC00FE5719 /* TYCheckInDetailViewController.m */ = {isa = PBXFileReference; fileEncoding = 4; lastKnownFileType = sourcecode.c.objc; name = TYCheckInDetailViewController.m; path = Screens/TYCheckInDetailViewController.m; sourceTree = "<group>"; };
		B7F4E35A157AA6EC00FE5719 /* TYCheckInDetailViewController.xib */ = {isa = PBXFileReference; fileEncoding = 4; lastKnownFileType = file.xib; name = TYCheckInDetailViewController.xib; path = Screens/TYCheckInDetailViewController.xib; sourceTree = "<group>"; };
		B7FF5EA015D0CFA1008A0300 /* TYCheckInCache.h */ = {isa = PBXFileReference; fileEncoding = 4; lastKnownFileType = sourcecode.c.h; name = TYCheckInCache.h; path = Libraries/FacebookWrapper/TYCheckInCache.h; sourceTree = "<group>"; };
		B7FF5EA115D0CFA1008A0300 /* TYCheckInCache.m */ = {isa = PBXFileReference; fileEncoding = 4; lastKnownFileType = sourcecode.c.objc; name = TYCheckInCache.m; path = Libraries/FacebookWrapper/TYCheckInCache.m; sourceTree = "<group>"; };
/* End PBXFileReference section */

/* Begin PBXFrameworksBuildPhase section */
		B73F6CDF156ED27F004A20E4 /* Frameworks */ = {
			isa = PBXFrameworksBuildPhase;
			buildActionMask = 2147483647;
			files = (
				B7D4167C15E81968007BF955 /* CoreData.framework in Frameworks */,
				B736F6781582983E002A5614 /* QuartzCore.framework in Frameworks */,
				B72D93E91571D0BA00665274 /* CoreLocation.framework in Frameworks */,
				B72D93E21571C66500665274 /* MapKit.framework in Frameworks */,
				B73F6CE7156ED27F004A20E4 /* UIKit.framework in Frameworks */,
				B73F6CE9156ED27F004A20E4 /* Foundation.framework in Frameworks */,
				B73F6CEB156ED27F004A20E4 /* CoreGraphics.framework in Frameworks */,
			);
			runOnlyForDeploymentPostprocessing = 0;
		};
		B73F6CF9156ED281004A20E4 /* Frameworks */ = {
			isa = PBXFrameworksBuildPhase;
			buildActionMask = 2147483647;
			files = (
				B73F6CFF156ED281004A20E4 /* SenTestingKit.framework in Frameworks */,
				B73F6D00156ED281004A20E4 /* UIKit.framework in Frameworks */,
				B73F6D01156ED281004A20E4 /* Foundation.framework in Frameworks */,
			);
			runOnlyForDeploymentPostprocessing = 0;
		};
/* End PBXFrameworksBuildPhase section */

/* Begin PBXGroup section */
		B705F63E157C4DD600A1BF86 /* Map Annotation */ = {
			isa = PBXGroup;
			children = (
				B705F646157C570100A1BF86 /* TYAnnotation.h */,
				B705F647157C570100A1BF86 /* TYAnnotation.m */,
				B705F64A157C5CE300A1BF86 /* TYAnnotationUtil.h */,
				B705F64B157C5CE300A1BF86 /* TYAnnotationUtil.m */,
			);
			name = "Map Annotation";
			sourceTree = "<group>";
		};
		B72D93D71571C58100665274 /* Model */ = {
			isa = PBXGroup;
			children = (
				B72D93D81571C59F00665274 /* TYCheckIn.h */,
				B72D93D91571C59F00665274 /* TYCheckIn.m */,
				B72D93DB1571C5AC00665274 /* TYUser.h */,
				B72D93DC1571C5AC00665274 /* TYUser.m */,
				B72D93DE1571C5F100665274 /* TYPage.h */,
				B72D93DF1571C5F100665274 /* TYPage.m */,
			);
			name = Model;
			sourceTree = "<group>";
		};
		B72D93E71571C8E700665274 /* JSONKit */ = {
			isa = PBXGroup;
			children = (
				B72D93E31571C8E000665274 /* JSONKit.h */,
				B72D93E41571C8E000665274 /* JSONKit.m */,
			);
			name = JSONKit;
			sourceTree = "<group>";
		};
		B736F6581582962B002A5614 /* EGOPullToRefreshTableView */ = {
			isa = PBXGroup;
			children = (
				B736F65915829636002A5614 /* EGORefreshTableHeaderView.h */,
				B736F65A15829636002A5614 /* EGORefreshTableHeaderView.m */,
			);
			name = EGOPullToRefreshTableView;
			sourceTree = "<group>";
		};
		B73F6CD7156ED27F004A20E4 = {
			isa = PBXGroup;
			children = (
				B78AFF25160E30720073B97F /* Default-568h@2x.png */,
				B705F638157C202500A1BF86 /* TODO */,
				B73F6CEC156ED280004A20E4 /* FBCheckIn */,
				B73F6D04156ED281004A20E4 /* FBCheckInTests */,
				B73F6CE5156ED27F004A20E4 /* Frameworks */,
				B73F6CE3156ED27F004A20E4 /* Products */,
			);
			sourceTree = "<group>";
		};
		B73F6CE3156ED27F004A20E4 /* Products */ = {
			isa = PBXGroup;
			children = (
				B73F6CE2156ED27F004A20E4 /* Facebook Check In.app */,
				B73F6CFD156ED281004A20E4 /* FBCheckInTests.octest */,
			);
			name = Products;
			sourceTree = "<group>";
		};
		B73F6CE5156ED27F004A20E4 /* Frameworks */ = {
			isa = PBXGroup;
			children = (
				B7D4167B15E81968007BF955 /* CoreData.framework */,
				B736F6771582983D002A5614 /* QuartzCore.framework */,
				B72D93E81571D0BA00665274 /* CoreLocation.framework */,
				B72D93E11571C66500665274 /* MapKit.framework */,
				B73F6CE6156ED27F004A20E4 /* UIKit.framework */,
				B73F6CE8156ED27F004A20E4 /* Foundation.framework */,
				B73F6CEA156ED27F004A20E4 /* CoreGraphics.framework */,
				B73F6CFE156ED281004A20E4 /* SenTestingKit.framework */,
			);
			name = Frameworks;
			sourceTree = "<group>";
		};
		B73F6CEC156ED280004A20E4 /* FBCheckIn */ = {
			isa = PBXGroup;
			children = (
				B7FF5E9F15D0CF4B008A0300 /* Facebook Wrapper */,
				B705F63E157C4DD600A1BF86 /* Map Annotation */,
				B72D93D71571C58100665274 /* Model */,
				B73F6DEA156F1429004A20E4 /* UITableViewCells */,
				B73F6D9C156ED8A1004A20E4 /* Libraries */,
				B73F6D15156ED297004A20E4 /* FacebookSDK */,
				B73F6CF5156ED281004A20E4 /* TYAppDelegate.h */,
				B73F6CF6156ED281004A20E4 /* TYAppDelegate.m */,
				B76FF72D157178A900676F47 /* TYLogInViewController.h */,
				B76FF72E157178A900676F47 /* TYLogInViewController.m */,
				B76FF72F157178A900676F47 /* TYLogInViewController.xib */,
				B73F6D52156ED835004A20E4 /* TYHomeViewController.h */,
				B73F6D53156ED835004A20E4 /* TYHomeViewController.m */,
				B73F6D54156ED835004A20E4 /* TYHomeViewController.xib */,
				B73F6D59156ED846004A20E4 /* TYPlacePicker.h */,
				B73F6D5A156ED846004A20E4 /* TYPlacePicker.m */,
				B73F6D5B156ED846004A20E4 /* TYPlacePicker.xib */,
				B7E10F2D15854BE200FA9741 /* TYCheckInViewController.h */,
				B7E10F2E15854BE300FA9741 /* TYCheckInViewController.m */,
				B7E10F3015854BFF00FA9741 /* TYCheckInConfirmation.xib */,
				B7E10F321585507500FA9741 /* TYTagFriendsViewController.h */,
				B7E10F331585507600FA9741 /* TYTagFriendsViewController.m */,
				B7E10F341585507700FA9741 /* TYTagFriends.xib */,
				B7F4E358157AA6EC00FE5719 /* TYCheckInDetailViewController.h */,
				B7F4E359157AA6EC00FE5719 /* TYCheckInDetailViewController.m */,
				B7F4E35A157AA6EC00FE5719 /* TYCheckInDetailViewController.xib */,
				B73F6D9E156ED8C0004A20E4 /* TYMapViewController.h */,
				B73F6D9F156ED8C0004A20E4 /* TYMapViewController.m */,
				B73F6DA0156ED8C0004A20E4 /* TYMapViewController.xib */,
				B73F6DC4156ED965004A20E4 /* Resources */,
				B73F6CED156ED280004A20E4 /* Supporting Files */,
				B73F6DF2156F3483004A20E4 /* config.plist */,
			);
			path = FBCheckIn;
			sourceTree = "<group>";
		};
		B73F6CED156ED280004A20E4 /* Supporting Files */ = {
			isa = PBXGroup;
			children = (
				B73F6CEE156ED280004A20E4 /* FBCheckIn-Info.plist */,
				B73F6CEF156ED280004A20E4 /* InfoPlist.strings */,
				B73F6CF2156ED281004A20E4 /* main.m */,
				B73F6CF4156ED281004A20E4 /* FBCheckIn-Prefix.pch */,
			);
			name = "Supporting Files";
			sourceTree = "<group>";
		};
		B73F6D04156ED281004A20E4 /* FBCheckInTests */ = {
			isa = PBXGroup;
			children = (
				B7BDF78315D6F60D00D6FA11 /* FBWrapperTests */,
				B73F6D0A156ED281004A20E4 /* FBCheckInTests.h */,
				B73F6D0B156ED281004A20E4 /* FBCheckInTests.m */,
				B73F6D05156ED281004A20E4 /* Supporting Files */,
			);
			path = FBCheckInTests;
			sourceTree = "<group>";
		};
		B73F6D05156ED281004A20E4 /* Supporting Files */ = {
			isa = PBXGroup;
			children = (
				B73F6D06156ED281004A20E4 /* FBCheckInTests-Info.plist */,
				B73F6D07156ED281004A20E4 /* InfoPlist.strings */,
			);
			name = "Supporting Files";
			sourceTree = "<group>";
		};
		B73F6D15156ED297004A20E4 /* FacebookSDK */ = {
			isa = PBXGroup;
			children = (
				B73F6D60156ED86B004A20E4 /* facebook_ios_sdk_Prefix.pch */,
				B73F6D61156ED86B004A20E4 /* facebook-ios-sdk.xcodeproj */,
				B73F6D64156ED86B004A20E4 /* Facebook.h */,
				B73F6D65156ED86B004A20E4 /* Facebook.m */,
				B73F6D66156ED86B004A20E4 /* FBConnect.h */,
				B73F6D67156ED86B004A20E4 /* FBDialog.bundle */,
				B73F6D68156ED86B004A20E4 /* FBDialog.h */,
				B73F6D69156ED86B004A20E4 /* FBDialog.m */,
				B73F6D6A156ED86B004A20E4 /* FBFrictionlessRequestSettings.h */,
				B73F6D6B156ED86B004A20E4 /* FBFrictionlessRequestSettings.m */,
				B73F6D6C156ED86B004A20E4 /* FBLoginDialog.h */,
				B73F6D6D156ED86B004A20E4 /* FBLoginDialog.m */,
				B73F6D6E156ED86B004A20E4 /* FBRequest.h */,
				B73F6D6F156ED86B004A20E4 /* FBRequest.m */,
				B73F6D70156ED86B004A20E4 /* JSON */,
			);
			name = FacebookSDK;
			sourceTree = "<group>";
		};
		B73F6D62156ED86B004A20E4 /* Products */ = {
			isa = PBXGroup;
			children = (
				B73F6D9B156ED86B004A20E4 /* libfacebook_ios_sdk.a */,
			);
			name = Products;
			sourceTree = "<group>";
		};
		B73F6D70156ED86B004A20E4 /* JSON */ = {
			isa = PBXGroup;
			children = (
				B73F6D71156ED86B004A20E4 /* JSON.h */,
				B73F6D72156ED86B004A20E4 /* NSObject+SBJSON.h */,
				B73F6D73156ED86B004A20E4 /* NSObject+SBJSON.m */,
				B73F6D74156ED86B004A20E4 /* NSString+SBJSON.h */,
				B73F6D75156ED86B004A20E4 /* NSString+SBJSON.m */,
				B73F6D76156ED86B004A20E4 /* SBJSON.h */,
				B73F6D77156ED86B004A20E4 /* SBJSON.m */,
				B73F6D78156ED86B004A20E4 /* SBJsonBase.h */,
				B73F6D79156ED86B004A20E4 /* SBJsonBase.m */,
				B73F6D7A156ED86B004A20E4 /* SBJsonParser.h */,
				B73F6D7B156ED86B004A20E4 /* SBJsonParser.m */,
				B73F6D7C156ED86B004A20E4 /* SBJsonWriter.h */,
				B73F6D7D156ED86B004A20E4 /* SBJsonWriter.m */,
			);
			name = JSON;
			path = "facebook-ios-sdk/src/JSON";
			sourceTree = SOURCE_ROOT;
		};
		B73F6D9C156ED8A1004A20E4 /* Libraries */ = {
			isa = PBXGroup;
			children = (
				B736F6581582962B002A5614 /* EGOPullToRefreshTableView */,
				B7E420271572E4A000105F8B /* AFNetworking */,
				B72D93E71571C8E700665274 /* JSONKit */,
				B73F6DC3156ED95A004A20E4 /* CustomNavigationController */,
				B73F6DC2156ED954004A20E4 /* CustomTabBar */,
				B73F6DC1156ED941004A20E4 /* DebugLog */,
				B73F6DC0156ED93A004A20E4 /* SVProgressHUD */,
				B73F6D9D156ED8A5004A20E4 /* Categories */,
			);
			name = Libraries;
			sourceTree = "<group>";
		};
		B73F6D9D156ED8A5004A20E4 /* Categories */ = {
			isa = PBXGroup;
			children = (
				B73F6DA9156ED926004A20E4 /* NSDate+Helper.h */,
				B73F6DAA156ED926004A20E4 /* NSDate+Helper.m */,
				B73F6DAB156ED926004A20E4 /* NSString+Common.h */,
				B73F6DAC156ED926004A20E4 /* NSString+Common.m */,
				B73F6DAD156ED926004A20E4 /* UIColor+HexString.h */,
				B73F6DAE156ED926004A20E4 /* UIColor+HexString.m */,
				B7539F9815D57F350012370C /* UISearchBar+CustomBackground.h */,
				B7539F9915D57F350012370C /* UISearchBar+CustomBackground.m */,
			);
			name = Categories;
			sourceTree = "<group>";
		};
		B73F6DC0156ED93A004A20E4 /* SVProgressHUD */ = {
			isa = PBXGroup;
			children = (
				B73F6DB9156ED937004A20E4 /* SVProgressHUD.bundle */,
				B73F6DBA156ED937004A20E4 /* SVProgressHUD.h */,
				B73F6DBB156ED937004A20E4 /* SVProgressHUD.m */,
			);
			name = SVProgressHUD;
			sourceTree = "<group>";
		};
		B73F6DC1156ED941004A20E4 /* DebugLog */ = {
			isa = PBXGroup;
			children = (
				B73F6DB5156ED930004A20E4 /* DebugLog.h */,
				B73F6DB6156ED930004A20E4 /* DebugLog.m */,
			);
			name = DebugLog;
			sourceTree = "<group>";
		};
		B73F6DC2156ED954004A20E4 /* CustomTabBar */ = {
			isa = PBXGroup;
			children = (
				B736F64B158284B1002A5614 /* TYUITabBarController.h */,
				B736F64C158284B1002A5614 /* TYUITabBarController.m */,
			);
			name = CustomTabBar;
			sourceTree = "<group>";
		};
		B73F6DC3156ED95A004A20E4 /* CustomNavigationController */ = {
			isa = PBXGroup;
			children = (
				B7A06CFE157F19F300169BDE /* SCNavigationBar.h */,
				B7A06CFF157F19F300169BDE /* SCNavigationBar.m */,
			);
			name = CustomNavigationController;
			sourceTree = "<group>";
		};
		B73F6DC4156ED965004A20E4 /* Resources */ = {
			isa = PBXGroup;
			children = (
				B7539F9015D55C200012370C /* tick.png */,
				B7539F8C15D558F30012370C /* ego-header-view@2x.png */,
				B7539F8D15D558F30012370C /* ego-header-view.png */,
				B748B211159C290F00043F7B /* checkmark_korganizer.png */,
				B748B1E8159ACB8700043F7B /* add-photo-placeholder.png */,
				B736F67D1582DBFB002A5614 /* fb-line.png */,
				B736F65D158297DF002A5614 /* grayArrow.png */,
				B736F65E158297E0002A5614 /* grayArrow@2x.png */,
				B736F65F158297E1002A5614 /* blackArrow.png */,
				B736F660158297E2002A5614 /* blackArrow@2x.png */,
				B736F661158297E2002A5614 /* blueArrow.png */,
				B736F662158297E2002A5614 /* blueArrow@2x.png */,
				B736F663158297E4002A5614 /* whiteArrow.png */,
				B736F664158297E4002A5614 /* whiteArrow@2x.png */,
				B736F6521582944B002A5614 /* background@2x.png */,
				B736F6801582FF09002A5614 /* background.png */,
				B736F64E15829110002A5614 /* table-cell-bg.png */,
				B736F6471582849D002A5614 /* bg_active.png */,
				B736F64515828489002A5614 /* tab-bar-2.png */,
				B736F6431582846D002A5614 /* navigation-bar-2.png */,
				B736F63B158283EF002A5614 /* navigation-bar.png */,
				B736F63C158283EF002A5614 /* tab-bar.png */,
				B736F63715828311002A5614 /* navigation-bar@2x.png */,
				B736F63815828311002A5614 /* tab-bar-bg@2x.png */,
				B705F643157C55E000A1BF86 /* pin.png */,
				B73F6DE7156EFE7F004A20E4 /* checkin.png */,
				B73F6DE4156EF87F004A20E4 /* checkin@2x.png */,
				B73F6DDE156EF38C004A20E4 /* map.png */,
				B73F6DE1156EF3AD004A20E4 /* friends.png */,
			);
			name = Resources;
			sourceTree = "<group>";
		};
		B73F6DEA156F1429004A20E4 /* UITableViewCells */ = {
			isa = PBXGroup;
			children = (
				B73F6DEB156F144A004A20E4 /* TYCheckInCell.h */,
				B73F6DEC156F144A004A20E4 /* TYCheckInCell.m */,
				B73F6DEF156F1506004A20E4 /* TYCheckInCell.xib */,
				B7E10F28158535DC00FA9741 /* TYPageCell.h */,
				B7E10F29158535DC00FA9741 /* TYPageCell.m */,
				B7E10F2B158535F400FA9741 /* TYPageCell.xib */,
				B748B20C159C283800043F7B /* TYTagUserCell.h */,
				B748B20D159C283800043F7B /* TYTagUserCell.m */,
				B748B20F159C285700043F7B /* TYTagUserCell.xib */,
			);
			name = UITableViewCells;
			sourceTree = "<group>";
		};
		B7BDF78315D6F60D00D6FA11 /* FBWrapperTests */ = {
			isa = PBXGroup;
			children = (
				B7BDF78015D6F60A00D6FA11 /* TYFBWrapperTests.h */,
				B7BDF78115D6F60A00D6FA11 /* TYFBWrapperTests.m */,
			);
			name = FBWrapperTests;
			sourceTree = "<group>";
		};
		B7E420271572E4A000105F8B /* AFNetworking */ = {
			isa = PBXGroup;
			children = (
				B7E420281572E4A800105F8B /* AFHTTPClient.h */,
				B7E420291572E4A800105F8B /* AFHTTPClient.m */,
				B7E4202A1572E4A800105F8B /* AFHTTPRequestOperation.h */,
				B7E4202B1572E4A800105F8B /* AFHTTPRequestOperation.m */,
				B7E4202C1572E4A800105F8B /* AFImageRequestOperation.h */,
				B7E4202D1572E4A800105F8B /* AFImageRequestOperation.m */,
				B7E4202E1572E4A800105F8B /* AFJSONRequestOperation.h */,
				B7E4202F1572E4A800105F8B /* AFJSONRequestOperation.m */,
				B7E420301572E4A800105F8B /* AFJSONUtilities.h */,
				B7E420311572E4A800105F8B /* AFJSONUtilities.m */,
				B7E420321572E4A800105F8B /* AFNetworkActivityIndicatorManager.h */,
				B7E420331572E4A800105F8B /* AFNetworkActivityIndicatorManager.m */,
				B7E420341572E4A800105F8B /* AFNetworking.h */,
				B7E420351572E4A800105F8B /* AFPropertyListRequestOperation.h */,
				B7E420361572E4A800105F8B /* AFPropertyListRequestOperation.m */,
				B7E420371572E4A800105F8B /* AFURLConnectionOperation.h */,
				B7E420381572E4A800105F8B /* AFURLConnectionOperation.m */,
				B7E420391572E4A800105F8B /* AFXMLRequestOperation.h */,
				B7E4203A1572E4A800105F8B /* AFXMLRequestOperation.m */,
				B7E4203B1572E4A800105F8B /* UIImageView+AFNetworking.h */,
				B7E4203C1572E4A800105F8B /* UIImageView+AFNetworking.m */,
			);
			name = AFNetworking;
			sourceTree = "<group>";
		};
		B7FF5E9F15D0CF4B008A0300 /* Facebook Wrapper */ = {
			isa = PBXGroup;
			children = (
				B705F635157BFC1A00A1BF86 /* TYFBManager.h */,
				B705F636157BFC1A00A1BF86 /* TYFBManager.m */,
				B7539F9215D576F00012370C /* TYFBFacade.h */,
				B7539F9315D576F00012370C /* TYFBFacade.m */,
				B7FF5EA015D0CFA1008A0300 /* TYCheckInCache.h */,
				B7FF5EA115D0CFA1008A0300 /* TYCheckInCache.m */,
			);
			name = "Facebook Wrapper";
			sourceTree = "<group>";
		};
/* End PBXGroup section */

/* Begin PBXNativeTarget section */
		B73F6CE1156ED27F004A20E4 /* Facebook Check In */ = {
			isa = PBXNativeTarget;
			buildConfigurationList = B73F6D0F156ED281004A20E4 /* Build configuration list for PBXNativeTarget "Facebook Check In" */;
			buildPhases = (
				B73F6CDE156ED27F004A20E4 /* Sources */,
				B73F6CDF156ED27F004A20E4 /* Frameworks */,
				B73F6CE0156ED27F004A20E4 /* Resources */,
			);
			buildRules = (
			);
			dependencies = (
			);
			name = "Facebook Check In";
			productName = FBCheckIn;
			productReference = B73F6CE2156ED27F004A20E4 /* Facebook Check In.app */;
			productType = "com.apple.product-type.application";
		};
		B73F6CFC156ED281004A20E4 /* FBCheckInTests */ = {
			isa = PBXNativeTarget;
			buildConfigurationList = B73F6D12156ED281004A20E4 /* Build configuration list for PBXNativeTarget "FBCheckInTests" */;
			buildPhases = (
				B73F6CF8156ED281004A20E4 /* Sources */,
				B73F6CF9156ED281004A20E4 /* Frameworks */,
				B73F6CFA156ED281004A20E4 /* Resources */,
				B73F6CFB156ED281004A20E4 /* ShellScript */,
			);
			buildRules = (
			);
			dependencies = (
				B73F6D03156ED281004A20E4 /* PBXTargetDependency */,
			);
			name = FBCheckInTests;
			productName = FBCheckInTests;
			productReference = B73F6CFD156ED281004A20E4 /* FBCheckInTests.octest */;
			productType = "com.apple.product-type.bundle";
		};
/* End PBXNativeTarget section */

/* Begin PBXProject section */
		B73F6CD9156ED27F004A20E4 /* Project object */ = {
			isa = PBXProject;
			attributes = {
				CLASSPREFIX = PP;
				LastUpgradeCheck = 0440;
			};
			buildConfigurationList = B73F6CDC156ED27F004A20E4 /* Build configuration list for PBXProject "FBCheckIn" */;
			compatibilityVersion = "Xcode 3.2";
			developmentRegion = English;
			hasScannedForEncodings = 0;
			knownRegions = (
				en,
			);
			mainGroup = B73F6CD7156ED27F004A20E4;
			productRefGroup = B73F6CE3156ED27F004A20E4 /* Products */;
			projectDirPath = "";
			projectReferences = (
				{
					ProductGroup = B73F6D62156ED86B004A20E4 /* Products */;
					ProjectRef = B73F6D61156ED86B004A20E4 /* facebook-ios-sdk.xcodeproj */;
				},
			);
			projectRoot = "";
			targets = (
				B73F6CE1156ED27F004A20E4 /* Facebook Check In */,
				B73F6CFC156ED281004A20E4 /* FBCheckInTests */,
			);
		};
/* End PBXProject section */

/* Begin PBXReferenceProxy section */
		B73F6D9B156ED86B004A20E4 /* libfacebook_ios_sdk.a */ = {
			isa = PBXReferenceProxy;
			fileType = archive.ar;
			path = libfacebook_ios_sdk.a;
			remoteRef = B73F6D9A156ED86B004A20E4 /* PBXContainerItemProxy */;
			sourceTree = BUILT_PRODUCTS_DIR;
		};
/* End PBXReferenceProxy section */

/* Begin PBXResourcesBuildPhase section */
		B73F6CE0156ED27F004A20E4 /* Resources */ = {
			isa = PBXResourcesBuildPhase;
			buildActionMask = 2147483647;
			files = (
				B73F6CF1156ED280004A20E4 /* InfoPlist.strings in Resources */,
				B73F6D57156ED835004A20E4 /* TYHomeViewController.xib in Resources */,
				B73F6D5E156ED846004A20E4 /* TYPlacePicker.xib in Resources */,
				B73F6D83156ED86B004A20E4 /* FBDialog.bundle in Resources */,
				B73F6DA3156ED8C0004A20E4 /* TYMapViewController.xib in Resources */,
				B73F6DBC156ED937004A20E4 /* SVProgressHUD.bundle in Resources */,
				B73F6DDF156EF38C004A20E4 /* map.png in Resources */,
				B73F6DE2156EF3AD004A20E4 /* friends.png in Resources */,
				B73F6DE5156EF87F004A20E4 /* checkin@2x.png in Resources */,
				B73F6DE8156EFE7F004A20E4 /* checkin.png in Resources */,
				B73F6DF0156F1506004A20E4 /* TYCheckInCell.xib in Resources */,
				B73F6DF3156F3484004A20E4 /* config.plist in Resources */,
				B76FF731157178A900676F47 /* TYLogInViewController.xib in Resources */,
				B7F4E35D157AA6EC00FE5719 /* TYCheckInDetailViewController.xib in Resources */,
				B705F639157C202500A1BF86 /* TODO in Resources */,
				B705F644157C55E000A1BF86 /* pin.png in Resources */,
				B736F63915828311002A5614 /* navigation-bar@2x.png in Resources */,
				B736F63A15828311002A5614 /* tab-bar-bg@2x.png in Resources */,
				B736F63D158283EF002A5614 /* navigation-bar.png in Resources */,
				B736F63E158283EF002A5614 /* tab-bar.png in Resources */,
				B736F6441582846D002A5614 /* navigation-bar-2.png in Resources */,
				B736F64615828489002A5614 /* tab-bar-2.png in Resources */,
				B736F6491582849D002A5614 /* bg_active.png in Resources */,
				B736F64F15829110002A5614 /* table-cell-bg.png in Resources */,
				B736F6531582944B002A5614 /* background@2x.png in Resources */,
				B736F665158297E5002A5614 /* grayArrow.png in Resources */,
				B736F667158297E5002A5614 /* grayArrow@2x.png in Resources */,
				B736F669158297E5002A5614 /* blackArrow.png in Resources */,
				B736F66B158297E5002A5614 /* blackArrow@2x.png in Resources */,
				B736F66D158297E5002A5614 /* blueArrow.png in Resources */,
				B736F66F158297E5002A5614 /* blueArrow@2x.png in Resources */,
				B736F671158297E5002A5614 /* whiteArrow.png in Resources */,
				B736F673158297E5002A5614 /* whiteArrow@2x.png in Resources */,
				B736F67E1582DBFC002A5614 /* fb-line.png in Resources */,
				B736F6811582FF09002A5614 /* background.png in Resources */,
				B7E10F2C158535F500FA9741 /* TYPageCell.xib in Resources */,
				B7E10F3115854BFF00FA9741 /* TYCheckInConfirmation.xib in Resources */,
				B7E10F361585507800FA9741 /* TYTagFriends.xib in Resources */,
				B748B1E9159ACB8700043F7B /* add-photo-placeholder.png in Resources */,
				B748B210159C285700043F7B /* TYTagUserCell.xib in Resources */,
				B748B212159C290F00043F7B /* checkmark_korganizer.png in Resources */,
				B7539F8E15D558F30012370C /* ego-header-view@2x.png in Resources */,
				B7539F8F15D558F30012370C /* ego-header-view.png in Resources */,
				B7539F9115D55C200012370C /* tick.png in Resources */,
				B78AFF26160E30720073B97F /* Default-568h@2x.png in Resources */,
			);
			runOnlyForDeploymentPostprocessing = 0;
		};
		B73F6CFA156ED281004A20E4 /* Resources */ = {
			isa = PBXResourcesBuildPhase;
			buildActionMask = 2147483647;
			files = (
				B73F6D09156ED281004A20E4 /* InfoPlist.strings in Resources */,
				B73F6D58156ED835004A20E4 /* TYHomeViewController.xib in Resources */,
				B73F6D5F156ED846004A20E4 /* TYPlacePicker.xib in Resources */,
				B73F6D84156ED86B004A20E4 /* FBDialog.bundle in Resources */,
				B73F6DA4156ED8C0004A20E4 /* TYMapViewController.xib in Resources */,
				B73F6DBD156ED938004A20E4 /* SVProgressHUD.bundle in Resources */,
				B73F6DE0156EF38C004A20E4 /* map.png in Resources */,
				B73F6DE3156EF3AD004A20E4 /* friends.png in Resources */,
				B73F6DE6156EF87F004A20E4 /* checkin@2x.png in Resources */,
				B73F6DE9156EFE7F004A20E4 /* checkin.png in Resources */,
				B73F6DF1156F1506004A20E4 /* TYCheckInCell.xib in Resources */,
				B73F6DF4156F3484004A20E4 /* config.plist in Resources */,
				B7F4E35E157AA6EC00FE5719 /* TYCheckInDetailViewController.xib in Resources */,
				B705F645157C55E000A1BF86 /* pin.png in Resources */,
				B736F666158297E5002A5614 /* grayArrow.png in Resources */,
				B736F668158297E5002A5614 /* grayArrow@2x.png in Resources */,
				B736F66A158297E5002A5614 /* blackArrow.png in Resources */,
				B736F66C158297E5002A5614 /* blackArrow@2x.png in Resources */,
				B736F66E158297E5002A5614 /* blueArrow.png in Resources */,
				B736F670158297E5002A5614 /* blueArrow@2x.png in Resources */,
				B736F672158297E5002A5614 /* whiteArrow.png in Resources */,
				B736F674158297E5002A5614 /* whiteArrow@2x.png in Resources */,
				B736F67F1582DBFC002A5614 /* fb-line.png in Resources */,
				B736F6821582FF09002A5614 /* background.png in Resources */,
			);
			runOnlyForDeploymentPostprocessing = 0;
		};
/* End PBXResourcesBuildPhase section */

/* Begin PBXShellScriptBuildPhase section */
		B73F6CFB156ED281004A20E4 /* ShellScript */ = {
			isa = PBXShellScriptBuildPhase;
			buildActionMask = 2147483647;
			files = (
			);
			inputPaths = (
			);
			outputPaths = (
			);
			runOnlyForDeploymentPostprocessing = 0;
			shellPath = /bin/sh;
			shellScript = "# Run the unit tests in this test bundle.\n\"${SYSTEM_DEVELOPER_DIR}/Tools/RunUnitTests\"\n";
		};
/* End PBXShellScriptBuildPhase section */

/* Begin PBXSourcesBuildPhase section */
		B73F6CDE156ED27F004A20E4 /* Sources */ = {
			isa = PBXSourcesBuildPhase;
			buildActionMask = 2147483647;
			files = (
				B73F6CF3156ED281004A20E4 /* main.m in Sources */,
				B73F6CF7156ED281004A20E4 /* TYAppDelegate.m in Sources */,
				B73F6D55156ED835004A20E4 /* TYHomeViewController.m in Sources */,
				B73F6D5C156ED846004A20E4 /* TYPlacePicker.m in Sources */,
				B73F6D81156ED86B004A20E4 /* Facebook.m in Sources */,
				B73F6D85156ED86B004A20E4 /* FBDialog.m in Sources */,
				B73F6D87156ED86B004A20E4 /* FBFrictionlessRequestSettings.m in Sources */,
				B73F6D89156ED86B004A20E4 /* FBLoginDialog.m in Sources */,
				B73F6D8B156ED86B004A20E4 /* FBRequest.m in Sources */,
				B73F6D8D156ED86B004A20E4 /* NSObject+SBJSON.m in Sources */,
				B73F6D8F156ED86B004A20E4 /* NSString+SBJSON.m in Sources */,
				B73F6D91156ED86B004A20E4 /* SBJSON.m in Sources */,
				B73F6D93156ED86B004A20E4 /* SBJsonBase.m in Sources */,
				B73F6D95156ED86B004A20E4 /* SBJsonParser.m in Sources */,
				B73F6D97156ED86B004A20E4 /* SBJsonWriter.m in Sources */,
				B73F6DA1156ED8C0004A20E4 /* TYMapViewController.m in Sources */,
				B73F6DAF156ED926004A20E4 /* NSDate+Helper.m in Sources */,
				B73F6DB1156ED926004A20E4 /* NSString+Common.m in Sources */,
				B73F6DB3156ED926004A20E4 /* UIColor+HexString.m in Sources */,
				B73F6DB7156ED930004A20E4 /* DebugLog.m in Sources */,
				B73F6DBE156ED938004A20E4 /* SVProgressHUD.m in Sources */,
				B73F6DED156F144A004A20E4 /* TYCheckInCell.m in Sources */,
				B76FF730157178A900676F47 /* TYLogInViewController.m in Sources */,
				B72D93DA1571C59F00665274 /* TYCheckIn.m in Sources */,
				B72D93DD1571C5AC00665274 /* TYUser.m in Sources */,
				B72D93E01571C5F100665274 /* TYPage.m in Sources */,
				B72D93E51571C8E000665274 /* JSONKit.m in Sources */,
				B7E4203D1572E4A800105F8B /* AFHTTPClient.m in Sources */,
				B7E4203F1572E4A800105F8B /* AFHTTPRequestOperation.m in Sources */,
				B7E420411572E4A800105F8B /* AFImageRequestOperation.m in Sources */,
				B7E420431572E4A800105F8B /* AFJSONRequestOperation.m in Sources */,
				B7E420451572E4A800105F8B /* AFJSONUtilities.m in Sources */,
				B7E420471572E4A800105F8B /* AFNetworkActivityIndicatorManager.m in Sources */,
				B7E420491572E4A800105F8B /* AFPropertyListRequestOperation.m in Sources */,
				B7E4204B1572E4A800105F8B /* AFURLConnectionOperation.m in Sources */,
				B7E4204D1572E4A800105F8B /* AFXMLRequestOperation.m in Sources */,
				B7E4204F1572E4A800105F8B /* UIImageView+AFNetworking.m in Sources */,
				B7F4E35B157AA6EC00FE5719 /* TYCheckInDetailViewController.m in Sources */,
				B705F637157BFC1A00A1BF86 /* TYFBManager.m in Sources */,
				B705F648157C570100A1BF86 /* TYAnnotation.m in Sources */,
				B705F64C157C5CE400A1BF86 /* TYAnnotationUtil.m in Sources */,
				B7A06D00157F19F300169BDE /* SCNavigationBar.m in Sources */,
				B736F64D158284B1002A5614 /* TYUITabBarController.m in Sources */,
				B736F65B15829636002A5614 /* EGORefreshTableHeaderView.m in Sources */,
				B7E10F2A158535DC00FA9741 /* TYPageCell.m in Sources */,
				B7E10F2F15854BE300FA9741 /* TYCheckInViewController.m in Sources */,
				B7E10F351585507800FA9741 /* TYTagFriendsViewController.m in Sources */,
				B748B20E159C283800043F7B /* TYTagUserCell.m in Sources */,
				B7FF5EA215D0CFA1008A0300 /* TYCheckInCache.m in Sources */,
				B7539F9415D576F00012370C /* TYFBFacade.m in Sources */,
				B7539F9A15D57F350012370C /* UISearchBar+CustomBackground.m in Sources */,
			);
			runOnlyForDeploymentPostprocessing = 0;
		};
		B73F6CF8156ED281004A20E4 /* Sources */ = {
			isa = PBXSourcesBuildPhase;
			buildActionMask = 2147483647;
			files = (
				B73F6D0C156ED281004A20E4 /* FBCheckInTests.m in Sources */,
				B73F6D56156ED835004A20E4 /* TYHomeViewController.m in Sources */,
				B73F6D5D156ED846004A20E4 /* TYPlacePicker.m in Sources */,
				B73F6D82156ED86B004A20E4 /* Facebook.m in Sources */,
				B73F6D86156ED86B004A20E4 /* FBDialog.m in Sources */,
				B73F6D88156ED86B004A20E4 /* FBFrictionlessRequestSettings.m in Sources */,
				B73F6D8A156ED86B004A20E4 /* FBLoginDialog.m in Sources */,
				B73F6D8C156ED86B004A20E4 /* FBRequest.m in Sources */,
				B73F6D8E156ED86B004A20E4 /* NSObject+SBJSON.m in Sources */,
				B73F6D90156ED86B004A20E4 /* NSString+SBJSON.m in Sources */,
				B73F6D92156ED86B004A20E4 /* SBJSON.m in Sources */,
				B73F6D94156ED86B004A20E4 /* SBJsonBase.m in Sources */,
				B73F6D96156ED86B004A20E4 /* SBJsonParser.m in Sources */,
				B73F6D98156ED86B004A20E4 /* SBJsonWriter.m in Sources */,
				B73F6DA2156ED8C0004A20E4 /* TYMapViewController.m in Sources */,
				B73F6DB0156ED926004A20E4 /* NSDate+Helper.m in Sources */,
				B73F6DB2156ED926004A20E4 /* NSString+Common.m in Sources */,
				B73F6DB4156ED926004A20E4 /* UIColor+HexString.m in Sources */,
				B73F6DB8156ED930004A20E4 /* DebugLog.m in Sources */,
				B73F6DBF156ED938004A20E4 /* SVProgressHUD.m in Sources */,
				B73F6DEE156F144A004A20E4 /* TYCheckInCell.m in Sources */,
				B72D93E61571C8E000665274 /* JSONKit.m in Sources */,
				B7E4203E1572E4A800105F8B /* AFHTTPClient.m in Sources */,
				B7E420401572E4A800105F8B /* AFHTTPRequestOperation.m in Sources */,
				B7E420421572E4A800105F8B /* AFImageRequestOperation.m in Sources */,
				B7E420441572E4A800105F8B /* AFJSONRequestOperation.m in Sources */,
				B7E420461572E4A800105F8B /* AFJSONUtilities.m in Sources */,
				B7E420481572E4A800105F8B /* AFNetworkActivityIndicatorManager.m in Sources */,
				B7E4204A1572E4A800105F8B /* AFPropertyListRequestOperation.m in Sources */,
				B7E4204C1572E4A800105F8B /* AFURLConnectionOperation.m in Sources */,
				B7E4204E1572E4A800105F8B /* AFXMLRequestOperation.m in Sources */,
				B7E420501572E4A800105F8B /* UIImageView+AFNetworking.m in Sources */,
				B7F4E35C157AA6EC00FE5719 /* TYCheckInDetailViewController.m in Sources */,
				B705F649157C570100A1BF86 /* TYAnnotation.m in Sources */,
				B705F64D157C5CE400A1BF86 /* TYAnnotationUtil.m in Sources */,
				B7A06D01157F19F300169BDE /* SCNavigationBar.m in Sources */,
				B736F65C15829636002A5614 /* EGORefreshTableHeaderView.m in Sources */,
				B7BDF78215D6F60A00D6FA11 /* TYFBWrapperTests.m in Sources */,
			);
			runOnlyForDeploymentPostprocessing = 0;
		};
/* End PBXSourcesBuildPhase section */

/* Begin PBXTargetDependency section */
		B73F6D03156ED281004A20E4 /* PBXTargetDependency */ = {
			isa = PBXTargetDependency;
			target = B73F6CE1156ED27F004A20E4 /* Facebook Check In */;
			targetProxy = B73F6D02156ED281004A20E4 /* PBXContainerItemProxy */;
		};
/* End PBXTargetDependency section */

/* Begin PBXVariantGroup section */
		B73F6CEF156ED280004A20E4 /* InfoPlist.strings */ = {
			isa = PBXVariantGroup;
			children = (
				B73F6CF0156ED280004A20E4 /* en */,
			);
			name = InfoPlist.strings;
			sourceTree = "<group>";
		};
		B73F6D07156ED281004A20E4 /* InfoPlist.strings */ = {
			isa = PBXVariantGroup;
			children = (
				B73F6D08156ED281004A20E4 /* en */,
			);
			name = InfoPlist.strings;
			sourceTree = "<group>";
		};
/* End PBXVariantGroup section */

/* Begin XCBuildConfiguration section */
		B73F6D0D156ED281004A20E4 /* Debug */ = {
			isa = XCBuildConfiguration;
			buildSettings = {
				ALWAYS_SEARCH_USER_PATHS = NO;
				ARCHS = "$(ARCHS_STANDARD_32_BIT)";
				CLANG_ENABLE_OBJC_ARC = YES;
				"CODE_SIGN_IDENTITY[sdk=iphoneos*]" = "iPhone Developer";
				COPY_PHASE_STRIP = NO;
				GCC_C_LANGUAGE_STANDARD = gnu99;
				GCC_DYNAMIC_NO_PIC = NO;
				GCC_OPTIMIZATION_LEVEL = 0;
				GCC_PREPROCESSOR_DEFINITIONS = (
					"DEBUG=1",
					"$(inherited)",
				);
				GCC_SYMBOLS_PRIVATE_EXTERN = NO;
				GCC_VERSION = com.apple.compilers.llvm.clang.1_0;
				GCC_WARN_ABOUT_RETURN_TYPE = YES;
				GCC_WARN_UNINITIALIZED_AUTOS = YES;
				GCC_WARN_UNUSED_VARIABLE = YES;
				IPHONEOS_DEPLOYMENT_TARGET = 5.1;
				SDKROOT = iphoneos;
				TARGETED_DEVICE_FAMILY = 2;
			};
			name = Debug;
		};
		B73F6D0E156ED281004A20E4 /* Release */ = {
			isa = XCBuildConfiguration;
			buildSettings = {
				ALWAYS_SEARCH_USER_PATHS = NO;
				ARCHS = "$(ARCHS_STANDARD_32_BIT)";
				CLANG_ENABLE_OBJC_ARC = YES;
				"CODE_SIGN_IDENTITY[sdk=iphoneos*]" = "iPhone Developer";
				COPY_PHASE_STRIP = YES;
				GCC_C_LANGUAGE_STANDARD = gnu99;
				GCC_VERSION = com.apple.compilers.llvm.clang.1_0;
				GCC_WARN_ABOUT_RETURN_TYPE = YES;
				GCC_WARN_UNINITIALIZED_AUTOS = YES;
				GCC_WARN_UNUSED_VARIABLE = YES;
				IPHONEOS_DEPLOYMENT_TARGET = 5.1;
				OTHER_CFLAGS = "-DNS_BLOCK_ASSERTIONS=1";
				SDKROOT = iphoneos;
				TARGETED_DEVICE_FAMILY = 2;
				VALIDATE_PRODUCT = YES;
			};
			name = Release;
		};
		B73F6D10156ED281004A20E4 /* Debug */ = {
			isa = XCBuildConfiguration;
			buildSettings = {
				GCC_PRECOMPILE_PREFIX_HEADER = YES;
				GCC_PREFIX_HEADER = "FBCheckIn/FBCheckIn-Prefix.pch";
				HEADER_SEARCH_PATHS = "/usr/include/libxml2/**";
				INFOPLIST_FILE = "FBCheckIn/FBCheckIn-Info.plist";
				IPHONEOS_DEPLOYMENT_TARGET = 4.3;
				PRODUCT_NAME = "$(TARGET_NAME)";
				TARGETED_DEVICE_FAMILY = 1;
				WRAPPER_EXTENSION = app;
			};
			name = Debug;
		};
		B73F6D11156ED281004A20E4 /* Release */ = {
			isa = XCBuildConfiguration;
			buildSettings = {
				GCC_PRECOMPILE_PREFIX_HEADER = YES;
				GCC_PREFIX_HEADER = "FBCheckIn/FBCheckIn-Prefix.pch";
				HEADER_SEARCH_PATHS = "/usr/include/libxml2/**";
				INFOPLIST_FILE = "FBCheckIn/FBCheckIn-Info.plist";
				IPHONEOS_DEPLOYMENT_TARGET = 4.3;
				PRODUCT_NAME = "$(TARGET_NAME)";
				TARGETED_DEVICE_FAMILY = 1;
				WRAPPER_EXTENSION = app;
			};
			name = Release;
		};
		B73F6D13156ED281004A20E4 /* Debug */ = {
			isa = XCBuildConfiguration;
			buildSettings = {
				BUNDLE_LOADER = "$(BUILT_PRODUCTS_DIR)/FBCheckIn.app/FBCheckIn";
				FRAMEWORK_SEARCH_PATHS = (
					"$(SDKROOT)/Developer/Library/Frameworks",
					"$(DEVELOPER_LIBRARY_DIR)/Frameworks",
				);
				GCC_PRECOMPILE_PREFIX_HEADER = YES;
				GCC_PREFIX_HEADER = "FBCheckIn/FBCheckIn-Prefix.pch";
				INFOPLIST_FILE = "FBCheckInTests/FBCheckInTests-Info.plist";
				PRODUCT_NAME = "$(TARGET_NAME)";
				TEST_HOST = "$(BUNDLE_LOADER)";
				WRAPPER_EXTENSION = octest;
			};
			name = Debug;
		};
		B73F6D14156ED281004A20E4 /* Release */ = {
			isa = XCBuildConfiguration;
			buildSettings = {
				BUNDLE_LOADER = "$(BUILT_PRODUCTS_DIR)/FBCheckIn.app/FBCheckIn";
				FRAMEWORK_SEARCH_PATHS = (
					"$(SDKROOT)/Developer/Library/Frameworks",
					"$(DEVELOPER_LIBRARY_DIR)/Frameworks",
				);
				GCC_PRECOMPILE_PREFIX_HEADER = YES;
				GCC_PREFIX_HEADER = "FBCheckIn/FBCheckIn-Prefix.pch";
				INFOPLIST_FILE = "FBCheckInTests/FBCheckInTests-Info.plist";
				PRODUCT_NAME = "$(TARGET_NAME)";
				TEST_HOST = "$(BUNDLE_LOADER)";
				WRAPPER_EXTENSION = octest;
			};
			name = Release;
		};
/* End XCBuildConfiguration section */

/* Begin XCConfigurationList section */
		B73F6CDC156ED27F004A20E4 /* Build configuration list for PBXProject "FBCheckIn" */ = {
			isa = XCConfigurationList;
			buildConfigurations = (
				B73F6D0D156ED281004A20E4 /* Debug */,
				B73F6D0E156ED281004A20E4 /* Release */,
			);
			defaultConfigurationIsVisible = 0;
			defaultConfigurationName = Release;
		};
		B73F6D0F156ED281004A20E4 /* Build configuration list for PBXNativeTarget "Facebook Check In" */ = {
			isa = XCConfigurationList;
			buildConfigurations = (
				B73F6D10156ED281004A20E4 /* Debug */,
				B73F6D11156ED281004A20E4 /* Release */,
			);
			defaultConfigurationIsVisible = 0;
			defaultConfigurationName = Release;
		};
		B73F6D12156ED281004A20E4 /* Build configuration list for PBXNativeTarget "FBCheckInTests" */ = {
			isa = XCConfigurationList;
			buildConfigurations = (
				B73F6D13156ED281004A20E4 /* Debug */,
				B73F6D14156ED281004A20E4 /* Release */,
			);
			defaultConfigurationIsVisible = 0;
			defaultConfigurationName = Release;
		};
/* End XCConfigurationList section */
	};
	rootObject = B73F6CD9156ED27F004A20E4 /* Project object */;
}
